// !$*UTF8*$!
{
	archiveVersion = 1;
	classes = {
	};
	objectVersion = 46;
	objects = {

/* Begin PBXBuildFile section */
		4E312DCE1EF21274005B8E9F /* CustomerModel.swift in Sources */ = {isa = PBXBuildFile; fileRef = 4E312DCD1EF21274005B8E9F /* CustomerModel.swift */; };
		4E312DD31EF2155F005B8E9F /* FinishMeasurementsModel.swift in Sources */ = {isa = PBXBuildFile; fileRef = 4E312DD21EF2155F005B8E9F /* FinishMeasurementsModel.swift */; };
		4E312DD71EF6F35F005B8E9F /* TicketSearchSplitViewController.swift in Sources */ = {isa = PBXBuildFile; fileRef = 4E312DD61EF6F35F005B8E9F /* TicketSearchSplitViewController.swift */; };
		4E312DDC1EF75B39005B8E9F /* CustomerDetailViewController.swift in Sources */ = {isa = PBXBuildFile; fileRef = 4E312DDB1EF75B39005B8E9F /* CustomerDetailViewController.swift */; };
		4EBDEDCF1EFB379F0089796F /* ApplicationData.swift in Sources */ = {isa = PBXBuildFile; fileRef = 4EBDEDCE1EFB379F0089796F /* ApplicationData.swift */; };
		4EBDEDD61EFDDB290089796F /* ServiceManager.swift in Sources */ = {isa = PBXBuildFile; fileRef = 4EBDEDD51EFDDB290089796F /* ServiceManager.swift */; };
		4EBDEDD91EFE8BCD0089796F /* ServiceManager+Authentication.swift in Sources */ = {isa = PBXBuildFile; fileRef = 4EBDEDD81EFE8BCD0089796F /* ServiceManager+Authentication.swift */; };
		4EBDEDDB1EFE8CE60089796F /* ServiceRouter.swift in Sources */ = {isa = PBXBuildFile; fileRef = 4EBDEDDA1EFE8CE60089796F /* ServiceRouter.swift */; };
		4EBDEDDE1F000E970089796F /* ApplicationData+Authentication.swift in Sources */ = {isa = PBXBuildFile; fileRef = 4EBDEDDD1F000E970089796F /* ApplicationData+Authentication.swift */; };
		4EBDEDE01F0045DC0089796F /* ServiceManager+Customers.swift in Sources */ = {isa = PBXBuildFile; fileRef = 4EBDEDDF1F0045DC0089796F /* ServiceManager+Customers.swift */; };
		4EBDEDE61F0099FE0089796F /* TitleDetailSectionView.xib in Resources */ = {isa = PBXBuildFile; fileRef = 4EBDEDE51F0099FE0089796F /* TitleDetailSectionView.xib */; };
		4EBDEDE81F009A0D0089796F /* TitleDetailSectionView.swift in Sources */ = {isa = PBXBuildFile; fileRef = 4EBDEDE71F009A0D0089796F /* TitleDetailSectionView.swift */; };
		4EBDEDEA1F009BD10089796F /* UIView+NibLoading.swift in Sources */ = {isa = PBXBuildFile; fileRef = 4EBDEDE91F009BD10089796F /* UIView+NibLoading.swift */; };
		4EBDEDED1F01DD1A0089796F /* IndentedLabelTableViewCell.swift in Sources */ = {isa = PBXBuildFile; fileRef = 4EBDEDEC1F01DD1A0089796F /* IndentedLabelTableViewCell.swift */; };
		4EBDEDEF1F01DD290089796F /* IndentedLabelTableViewCell.xib in Resources */ = {isa = PBXBuildFile; fileRef = 4EBDEDEE1F01DD290089796F /* IndentedLabelTableViewCell.xib */; };
		4EBDEDF21F02769C0089796F /* CustomerOptionTableViewCell.xib in Resources */ = {isa = PBXBuildFile; fileRef = 4EBDEDF11F02769C0089796F /* CustomerOptionTableViewCell.xib */; };
		4EBDEDF41F0277670089796F /* CustomerOptionTableViewCell.swift in Sources */ = {isa = PBXBuildFile; fileRef = 4EBDEDF31F0277670089796F /* CustomerOptionTableViewCell.swift */; };
		4EBDEDFA1F027EB00089796F /* StyledNavigationController.swift in Sources */ = {isa = PBXBuildFile; fileRef = 4EBDEDF91F027EB00089796F /* StyledNavigationController.swift */; };
		4EBDEDFC1F047FED0089796F /* ServiceManager+Tickets.swift in Sources */ = {isa = PBXBuildFile; fileRef = 4EBDEDFB1F047FED0089796F /* ServiceManager+Tickets.swift */; };
		4EBDEDFF1F05B2240089796F /* TicketOverviewTableViewCell.xib in Resources */ = {isa = PBXBuildFile; fileRef = 4EBDEDFE1F05B2240089796F /* TicketOverviewTableViewCell.xib */; };
		4EBDEE011F05B24A0089796F /* TicketOverviewTableViewCell.swift in Sources */ = {isa = PBXBuildFile; fileRef = 4EBDEE001F05B24A0089796F /* TicketOverviewTableViewCell.swift */; };
		4EBDEE031F05E0580089796F /* TicketAlterationModel.swift in Sources */ = {isa = PBXBuildFile; fileRef = 4EBDEE021F05E0580089796F /* TicketAlterationModel.swift */; };
		4ED878D91ED2588000D72C26 /* AppDelegate.swift in Sources */ = {isa = PBXBuildFile; fileRef = 4ED878D81ED2588000D72C26 /* AppDelegate.swift */; };
		4ED878DE1ED2588000D72C26 /* Main.storyboard in Resources */ = {isa = PBXBuildFile; fileRef = 4ED878DC1ED2588000D72C26 /* Main.storyboard */; };
		4ED878E01ED2588000D72C26 /* Assets.xcassets in Resources */ = {isa = PBXBuildFile; fileRef = 4ED878DF1ED2588000D72C26 /* Assets.xcassets */; };
		4ED878E31ED2588000D72C26 /* LaunchScreen.storyboard in Resources */ = {isa = PBXBuildFile; fileRef = 4ED878E11ED2588000D72C26 /* LaunchScreen.storyboard */; };
		4ED878EE1ED25C7E00D72C26 /* LoginViewController.swift in Sources */ = {isa = PBXBuildFile; fileRef = 4ED878ED1ED25C7E00D72C26 /* LoginViewController.swift */; };
		4ED878F21ED25D1600D72C26 /* TicketStoryboard.storyboard in Resources */ = {isa = PBXBuildFile; fileRef = 4ED878F11ED25D1600D72C26 /* TicketStoryboard.storyboard */; };
		4ED878F41ED25E5E00D72C26 /* TicketListTableViewController.swift in Sources */ = {isa = PBXBuildFile; fileRef = 4ED878F31ED25E5E00D72C26 /* TicketListTableViewController.swift */; };
		4ED878F61ED2608E00D72C26 /* TitleDetailTableViewCell.xib in Resources */ = {isa = PBXBuildFile; fileRef = 4ED878F51ED2608E00D72C26 /* TitleDetailTableViewCell.xib */; };
		4ED878F81ED261B400D72C26 /* TitleDetailTableViewCell.swift in Sources */ = {isa = PBXBuildFile; fileRef = 4ED878F71ED261B400D72C26 /* TitleDetailTableViewCell.swift */; };
		4ED878FC1ED26ACF00D72C26 /* TicketModel.swift in Sources */ = {isa = PBXBuildFile; fileRef = 4ED878FB1ED26ACF00D72C26 /* TicketModel.swift */; };
		4ED878FE1ED26CC900D72C26 /* TicketListSplitViewController.swift in Sources */ = {isa = PBXBuildFile; fileRef = 4ED878FD1ED26CC900D72C26 /* TicketListSplitViewController.swift */; };
		4ED879001ED26D0900D72C26 /* UISplitViewController+MasterDetail.swift in Sources */ = {isa = PBXBuildFile; fileRef = 4ED878FF1ED26D0900D72C26 /* UISplitViewController+MasterDetail.swift */; };
		4ED879021ED304A400D72C26 /* TicketDetailViewController.swift in Sources */ = {isa = PBXBuildFile; fileRef = 4ED879011ED304A400D72C26 /* TicketDetailViewController.swift */; };
		4ED879051ED3A6FC00D72C26 /* HomeStoryboard.storyboard in Resources */ = {isa = PBXBuildFile; fileRef = 4ED879041ED3A6FC00D72C26 /* HomeStoryboard.storyboard */; };
		4ED879071ED3A7E300D72C26 /* HomeViewController.swift in Sources */ = {isa = PBXBuildFile; fileRef = 4ED879061ED3A7E300D72C26 /* HomeViewController.swift */; };
		4ED8790A1ED3AD9500D72C26 /* TicketSearchCriteriaViewController.swift in Sources */ = {isa = PBXBuildFile; fileRef = 4ED879091ED3AD9500D72C26 /* TicketSearchCriteriaViewController.swift */; };
		4ED8790C1ED3AF5100D72C26 /* CustomerStoryboard.storyboard in Resources */ = {isa = PBXBuildFile; fileRef = 4ED8790B1ED3AF5100D72C26 /* CustomerStoryboard.storyboard */; };
		4ED8790E1ED3B08F00D72C26 /* CustomerSplitViewController.swift in Sources */ = {isa = PBXBuildFile; fileRef = 4ED8790D1ED3B08F00D72C26 /* CustomerSplitViewController.swift */; };
		4ED879101ED3B0DE00D72C26 /* CustomerSearchCriteriaViewController.swift in Sources */ = {isa = PBXBuildFile; fileRef = 4ED8790F1ED3B0DE00D72C26 /* CustomerSearchCriteriaViewController.swift */; };
		4ED879121ED3B1DD00D72C26 /* CustomerSearchResultTableViewController.swift in Sources */ = {isa = PBXBuildFile; fileRef = 4ED879111ED3B1DD00D72C26 /* CustomerSearchResultTableViewController.swift */; };
		4ED879141ED4520200D72C26 /* BodyMeasurementsModel.swift in Sources */ = {isa = PBXBuildFile; fileRef = 4ED879131ED4520200D72C26 /* BodyMeasurementsModel.swift */; };
		F76DCEDCAAB729270F8CEBA4 /* Pods_HKT.framework in Frameworks */ = {isa = PBXBuildFile; fileRef = 5C5DA041348FC43499C9FAB4 /* Pods_HKT.framework */; };
/* End PBXBuildFile section */

/* Begin PBXFileReference section */
		4E312DCD1EF21274005B8E9F /* CustomerModel.swift */ = {isa = PBXFileReference; fileEncoding = 4; lastKnownFileType = sourcecode.swift; path = CustomerModel.swift; sourceTree = "<group>"; };
		4E312DD21EF2155F005B8E9F /* FinishMeasurementsModel.swift */ = {isa = PBXFileReference; fileEncoding = 4; lastKnownFileType = sourcecode.swift; path = FinishMeasurementsModel.swift; sourceTree = "<group>"; };
		4E312DD61EF6F35F005B8E9F /* TicketSearchSplitViewController.swift */ = {isa = PBXFileReference; fileEncoding = 4; lastKnownFileType = sourcecode.swift; path = TicketSearchSplitViewController.swift; sourceTree = "<group>"; };
		4E312DDB1EF75B39005B8E9F /* CustomerDetailViewController.swift */ = {isa = PBXFileReference; fileEncoding = 4; lastKnownFileType = sourcecode.swift; path = CustomerDetailViewController.swift; sourceTree = "<group>"; };
		4EBDEDCE1EFB379F0089796F /* ApplicationData.swift */ = {isa = PBXFileReference; fileEncoding = 4; lastKnownFileType = sourcecode.swift; path = ApplicationData.swift; sourceTree = "<group>"; };
		4EBDEDD01EFDDAFF0089796F /* HKT-Bridging-Header.h */ = {isa = PBXFileReference; lastKnownFileType = sourcecode.c.h; path = "HKT-Bridging-Header.h"; sourceTree = "<group>"; };
		4EBDEDD51EFDDB290089796F /* ServiceManager.swift */ = {isa = PBXFileReference; fileEncoding = 4; lastKnownFileType = sourcecode.swift; path = ServiceManager.swift; sourceTree = "<group>"; };
		4EBDEDD81EFE8BCD0089796F /* ServiceManager+Authentication.swift */ = {isa = PBXFileReference; fileEncoding = 4; lastKnownFileType = sourcecode.swift; path = "ServiceManager+Authentication.swift"; sourceTree = "<group>"; };
		4EBDEDDA1EFE8CE60089796F /* ServiceRouter.swift */ = {isa = PBXFileReference; fileEncoding = 4; lastKnownFileType = sourcecode.swift; path = ServiceRouter.swift; sourceTree = "<group>"; };
		4EBDEDDD1F000E970089796F /* ApplicationData+Authentication.swift */ = {isa = PBXFileReference; fileEncoding = 4; lastKnownFileType = sourcecode.swift; path = "ApplicationData+Authentication.swift"; sourceTree = "<group>"; };
		4EBDEDDF1F0045DC0089796F /* ServiceManager+Customers.swift */ = {isa = PBXFileReference; fileEncoding = 4; lastKnownFileType = sourcecode.swift; path = "ServiceManager+Customers.swift"; sourceTree = "<group>"; };
		4EBDEDE51F0099FE0089796F /* TitleDetailSectionView.xib */ = {isa = PBXFileReference; fileEncoding = 4; lastKnownFileType = file.xib; path = TitleDetailSectionView.xib; sourceTree = "<group>"; };
		4EBDEDE71F009A0D0089796F /* TitleDetailSectionView.swift */ = {isa = PBXFileReference; fileEncoding = 4; lastKnownFileType = sourcecode.swift; path = TitleDetailSectionView.swift; sourceTree = "<group>"; };
		4EBDEDE91F009BD10089796F /* UIView+NibLoading.swift */ = {isa = PBXFileReference; fileEncoding = 4; lastKnownFileType = sourcecode.swift; path = "UIView+NibLoading.swift"; sourceTree = "<group>"; };
		4EBDEDEC1F01DD1A0089796F /* IndentedLabelTableViewCell.swift */ = {isa = PBXFileReference; fileEncoding = 4; lastKnownFileType = sourcecode.swift; path = IndentedLabelTableViewCell.swift; sourceTree = "<group>"; };
		4EBDEDEE1F01DD290089796F /* IndentedLabelTableViewCell.xib */ = {isa = PBXFileReference; fileEncoding = 4; lastKnownFileType = file.xib; path = IndentedLabelTableViewCell.xib; sourceTree = "<group>"; };
		4EBDEDF11F02769C0089796F /* CustomerOptionTableViewCell.xib */ = {isa = PBXFileReference; fileEncoding = 4; lastKnownFileType = file.xib; path = CustomerOptionTableViewCell.xib; sourceTree = "<group>"; };
		4EBDEDF31F0277670089796F /* CustomerOptionTableViewCell.swift */ = {isa = PBXFileReference; fileEncoding = 4; lastKnownFileType = sourcecode.swift; path = CustomerOptionTableViewCell.swift; sourceTree = "<group>"; };
		4EBDEDF91F027EB00089796F /* StyledNavigationController.swift */ = {isa = PBXFileReference; fileEncoding = 4; lastKnownFileType = sourcecode.swift; path = StyledNavigationController.swift; sourceTree = "<group>"; };
		4EBDEDFB1F047FED0089796F /* ServiceManager+Tickets.swift */ = {isa = PBXFileReference; fileEncoding = 4; lastKnownFileType = sourcecode.swift; path = "ServiceManager+Tickets.swift"; sourceTree = "<group>"; };
		4EBDEDFE1F05B2240089796F /* TicketOverviewTableViewCell.xib */ = {isa = PBXFileReference; fileEncoding = 4; lastKnownFileType = file.xib; path = TicketOverviewTableViewCell.xib; sourceTree = "<group>"; };
		4EBDEE001F05B24A0089796F /* TicketOverviewTableViewCell.swift */ = {isa = PBXFileReference; fileEncoding = 4; lastKnownFileType = sourcecode.swift; path = TicketOverviewTableViewCell.swift; sourceTree = "<group>"; };
		4EBDEE021F05E0580089796F /* TicketAlterationModel.swift */ = {isa = PBXFileReference; fileEncoding = 4; lastKnownFileType = sourcecode.swift; path = TicketAlterationModel.swift; sourceTree = "<group>"; };
		4ED878D51ED2588000D72C26 /* HKT.app */ = {isa = PBXFileReference; explicitFileType = wrapper.application; includeInIndex = 0; path = HKT.app; sourceTree = BUILT_PRODUCTS_DIR; };
		4ED878D81ED2588000D72C26 /* AppDelegate.swift */ = {isa = PBXFileReference; lastKnownFileType = sourcecode.swift; path = AppDelegate.swift; sourceTree = "<group>"; };
		4ED878DD1ED2588000D72C26 /* Base */ = {isa = PBXFileReference; lastKnownFileType = file.storyboard; name = Base; path = Base.lproj/Main.storyboard; sourceTree = "<group>"; };
		4ED878DF1ED2588000D72C26 /* Assets.xcassets */ = {isa = PBXFileReference; lastKnownFileType = folder.assetcatalog; path = Assets.xcassets; sourceTree = "<group>"; };
		4ED878E21ED2588000D72C26 /* Base */ = {isa = PBXFileReference; lastKnownFileType = file.storyboard; name = Base; path = Base.lproj/LaunchScreen.storyboard; sourceTree = "<group>"; };
		4ED878E41ED2588000D72C26 /* Info.plist */ = {isa = PBXFileReference; lastKnownFileType = text.plist.xml; path = Info.plist; sourceTree = "<group>"; };
		4ED878ED1ED25C7E00D72C26 /* LoginViewController.swift */ = {isa = PBXFileReference; fileEncoding = 4; lastKnownFileType = sourcecode.swift; path = LoginViewController.swift; sourceTree = "<group>"; };
		4ED878F11ED25D1600D72C26 /* TicketStoryboard.storyboard */ = {isa = PBXFileReference; fileEncoding = 4; lastKnownFileType = file.storyboard; path = TicketStoryboard.storyboard; sourceTree = "<group>"; };
		4ED878F31ED25E5E00D72C26 /* TicketListTableViewController.swift */ = {isa = PBXFileReference; fileEncoding = 4; lastKnownFileType = sourcecode.swift; path = TicketListTableViewController.swift; sourceTree = "<group>"; };
		4ED878F51ED2608E00D72C26 /* TitleDetailTableViewCell.xib */ = {isa = PBXFileReference; fileEncoding = 4; lastKnownFileType = file.xib; path = TitleDetailTableViewCell.xib; sourceTree = "<group>"; };
		4ED878F71ED261B400D72C26 /* TitleDetailTableViewCell.swift */ = {isa = PBXFileReference; fileEncoding = 4; lastKnownFileType = sourcecode.swift; path = TitleDetailTableViewCell.swift; sourceTree = "<group>"; };
		4ED878FB1ED26ACF00D72C26 /* TicketModel.swift */ = {isa = PBXFileReference; fileEncoding = 4; lastKnownFileType = sourcecode.swift; path = TicketModel.swift; sourceTree = "<group>"; };
		4ED878FD1ED26CC900D72C26 /* TicketListSplitViewController.swift */ = {isa = PBXFileReference; fileEncoding = 4; lastKnownFileType = sourcecode.swift; path = TicketListSplitViewController.swift; sourceTree = "<group>"; };
		4ED878FF1ED26D0900D72C26 /* UISplitViewController+MasterDetail.swift */ = {isa = PBXFileReference; fileEncoding = 4; lastKnownFileType = sourcecode.swift; path = "UISplitViewController+MasterDetail.swift"; sourceTree = "<group>"; };
		4ED879011ED304A400D72C26 /* TicketDetailViewController.swift */ = {isa = PBXFileReference; fileEncoding = 4; lastKnownFileType = sourcecode.swift; path = TicketDetailViewController.swift; sourceTree = "<group>"; };
		4ED879041ED3A6FC00D72C26 /* HomeStoryboard.storyboard */ = {isa = PBXFileReference; fileEncoding = 4; lastKnownFileType = file.storyboard; path = HomeStoryboard.storyboard; sourceTree = "<group>"; };
		4ED879061ED3A7E300D72C26 /* HomeViewController.swift */ = {isa = PBXFileReference; fileEncoding = 4; lastKnownFileType = sourcecode.swift; path = HomeViewController.swift; sourceTree = "<group>"; };
		4ED879091ED3AD9500D72C26 /* TicketSearchCriteriaViewController.swift */ = {isa = PBXFileReference; fileEncoding = 4; lastKnownFileType = sourcecode.swift; path = TicketSearchCriteriaViewController.swift; sourceTree = "<group>"; };
		4ED8790B1ED3AF5100D72C26 /* CustomerStoryboard.storyboard */ = {isa = PBXFileReference; fileEncoding = 4; lastKnownFileType = file.storyboard; path = CustomerStoryboard.storyboard; sourceTree = "<group>"; };
		4ED8790D1ED3B08F00D72C26 /* CustomerSplitViewController.swift */ = {isa = PBXFileReference; fileEncoding = 4; lastKnownFileType = sourcecode.swift; path = CustomerSplitViewController.swift; sourceTree = "<group>"; };
		4ED8790F1ED3B0DE00D72C26 /* CustomerSearchCriteriaViewController.swift */ = {isa = PBXFileReference; fileEncoding = 4; lastKnownFileType = sourcecode.swift; path = CustomerSearchCriteriaViewController.swift; sourceTree = "<group>"; };
		4ED879111ED3B1DD00D72C26 /* CustomerSearchResultTableViewController.swift */ = {isa = PBXFileReference; fileEncoding = 4; lastKnownFileType = sourcecode.swift; path = CustomerSearchResultTableViewController.swift; sourceTree = "<group>"; };
		4ED879131ED4520200D72C26 /* BodyMeasurementsModel.swift */ = {isa = PBXFileReference; fileEncoding = 4; lastKnownFileType = sourcecode.swift; path = BodyMeasurementsModel.swift; sourceTree = "<group>"; };
		59F680BB45BC0298FBE600BB /* Pods-HKT.debug.xcconfig */ = {isa = PBXFileReference; includeInIndex = 1; lastKnownFileType = text.xcconfig; name = "Pods-HKT.debug.xcconfig"; path = "Pods/Target Support Files/Pods-HKT/Pods-HKT.debug.xcconfig"; sourceTree = "<group>"; };
		5C5DA041348FC43499C9FAB4 /* Pods_HKT.framework */ = {isa = PBXFileReference; explicitFileType = wrapper.framework; includeInIndex = 0; path = Pods_HKT.framework; sourceTree = BUILT_PRODUCTS_DIR; };
		D234E325F217302ABC774C48 /* Pods-HKT.release.xcconfig */ = {isa = PBXFileReference; includeInIndex = 1; lastKnownFileType = text.xcconfig; name = "Pods-HKT.release.xcconfig"; path = "Pods/Target Support Files/Pods-HKT/Pods-HKT.release.xcconfig"; sourceTree = "<group>"; };
/* End PBXFileReference section */

/* Begin PBXFrameworksBuildPhase section */
		4ED878D21ED2588000D72C26 /* Frameworks */ = {
			isa = PBXFrameworksBuildPhase;
			buildActionMask = 2147483647;
			files = (
				F76DCEDCAAB729270F8CEBA4 /* Pods_HKT.framework in Frameworks */,
			);
			runOnlyForDeploymentPostprocessing = 0;
		};
/* End PBXFrameworksBuildPhase section */

/* Begin PBXGroup section */
		4A353B18182AB0219B862F3C /* Frameworks */ = {
			isa = PBXGroup;
			children = (
				5C5DA041348FC43499C9FAB4 /* Pods_HKT.framework */,
			);
			name = Frameworks;
			sourceTree = "<group>";
		};
		4E312DD41EF6F30C005B8E9F /* Ticket List */ = {
			isa = PBXGroup;
			children = (
				4ED878FD1ED26CC900D72C26 /* TicketListSplitViewController.swift */,
				4ED878F31ED25E5E00D72C26 /* TicketListTableViewController.swift */,
			);
			name = "Ticket List";
			sourceTree = "<group>";
		};
		4E312DD51EF6F33B005B8E9F /* Ticket Search */ = {
			isa = PBXGroup;
			children = (
				4E312DD61EF6F35F005B8E9F /* TicketSearchSplitViewController.swift */,
				4ED879091ED3AD9500D72C26 /* TicketSearchCriteriaViewController.swift */,
			);
			name = "Ticket Search";
			sourceTree = "<group>";
		};
		4E312DD81EF759F8005B8E9F /* Utilities */ = {
			isa = PBXGroup;
			children = (
				4ED878FF1ED26D0900D72C26 /* UISplitViewController+MasterDetail.swift */,
				4EBDEDE91F009BD10089796F /* UIView+NibLoading.swift */,
			);
			name = Utilities;
			sourceTree = "<group>";
		};
		4E312DDD1EF75B44005B8E9F /* Customer */ = {
			isa = PBXGroup;
			children = (
				4E312DDB1EF75B39005B8E9F /* CustomerDetailViewController.swift */,
				4ED879081ED3ABA200D72C26 /* CustomerSearch */,
			);
			name = Customer;
			sourceTree = "<group>";
		};
		4EBDEDCD1EFB37700089796F /* Store */ = {
			isa = PBXGroup;
			children = (
				4EBDEDD41EFDDB1D0089796F /* Networking */,
				4EBDEDDC1F000E800089796F /* AppData */,
			);
			name = Store;
			sourceTree = "<group>";
		};
		4EBDEDD41EFDDB1D0089796F /* Networking */ = {
			isa = PBXGroup;
			children = (
				4EBDEDDA1EFE8CE60089796F /* ServiceRouter.swift */,
				4EBDEDD51EFDDB290089796F /* ServiceManager.swift */,
				4EBDEDD81EFE8BCD0089796F /* ServiceManager+Authentication.swift */,
				4EBDEDDF1F0045DC0089796F /* ServiceManager+Customers.swift */,
				4EBDEDFB1F047FED0089796F /* ServiceManager+Tickets.swift */,
			);
			name = Networking;
			sourceTree = "<group>";
		};
		4EBDEDDC1F000E800089796F /* AppData */ = {
			isa = PBXGroup;
			children = (
				4EBDEDCE1EFB379F0089796F /* ApplicationData.swift */,
				4EBDEDDD1F000E970089796F /* ApplicationData+Authentication.swift */,
			);
			name = AppData;
			sourceTree = "<group>";
		};
		4EBDEDE31F0099BB0089796F /* TitleDetailTableViewCell */ = {
			isa = PBXGroup;
			children = (
				4ED878F51ED2608E00D72C26 /* TitleDetailTableViewCell.xib */,
				4ED878F71ED261B400D72C26 /* TitleDetailTableViewCell.swift */,
			);
			name = TitleDetailTableViewCell;
			sourceTree = "<group>";
		};
		4EBDEDE41F0099D60089796F /* TitleDetailView */ = {
			isa = PBXGroup;
			children = (
				4EBDEDE51F0099FE0089796F /* TitleDetailSectionView.xib */,
				4EBDEDE71F009A0D0089796F /* TitleDetailSectionView.swift */,
			);
			name = TitleDetailView;
			sourceTree = "<group>";
		};
		4EBDEDEB1F01DCE50089796F /* IndentedLabelTableViewCell */ = {
			isa = PBXGroup;
			children = (
				4EBDEDEE1F01DD290089796F /* IndentedLabelTableViewCell.xib */,
				4EBDEDEC1F01DD1A0089796F /* IndentedLabelTableViewCell.swift */,
			);
			name = IndentedLabelTableViewCell;
			sourceTree = "<group>";
		};
		4EBDEDF01F02766E0089796F /* CustomerOptionTableViewCell */ = {
			isa = PBXGroup;
			children = (
				4EBDEDF11F02769C0089796F /* CustomerOptionTableViewCell.xib */,
				4EBDEDF31F0277670089796F /* CustomerOptionTableViewCell.swift */,
			);
			name = CustomerOptionTableViewCell;
			sourceTree = "<group>";
		};
		4EBDEDF81F027EA00089796F /* StyledNavigationController */ = {
			isa = PBXGroup;
			children = (
				4EBDEDF91F027EB00089796F /* StyledNavigationController.swift */,
			);
			name = StyledNavigationController;
			sourceTree = "<group>";
		};
		4EBDEDFD1F05B1EE0089796F /* TicketOverviewCell */ = {
			isa = PBXGroup;
			children = (
				4EBDEDFE1F05B2240089796F /* TicketOverviewTableViewCell.xib */,
				4EBDEE001F05B24A0089796F /* TicketOverviewTableViewCell.swift */,
			);
			name = TicketOverviewCell;
			sourceTree = "<group>";
		};
		4ED878CC1ED2588000D72C26 = {
			isa = PBXGroup;
			children = (
				4ED878D71ED2588000D72C26 /* HKT */,
				4ED878D61ED2588000D72C26 /* Products */,
				7757E6F19E742715EE3B0670 /* Pods */,
				4A353B18182AB0219B862F3C /* Frameworks */,
			);
			sourceTree = "<group>";
		};
		4ED878D61ED2588000D72C26 /* Products */ = {
			isa = PBXGroup;
			children = (
				4ED878D51ED2588000D72C26 /* HKT.app */,
			);
			name = Products;
			sourceTree = "<group>";
		};
		4ED878D71ED2588000D72C26 /* HKT */ = {
			isa = PBXGroup;
			children = (
				4ED878F91ED2621100D72C26 /* SharedComponents */,
				4E312DDD1EF75B44005B8E9F /* Customer */,
				4ED879031ED3A6EF00D72C26 /* Home */,
				4ED878F01ED25CF600D72C26 /* Tickets */,
				4ED878EA1ED25C2400D72C26 /* Login */,
				4ED878FA1ED26AB100D72C26 /* Model */,
				4EBDEDCD1EFB37700089796F /* Store */,
				4E312DD81EF759F8005B8E9F /* Utilities */,
				4ED878EF1ED25C9300D72C26 /* Supporting Files */,
			);
			path = HKT;
			sourceTree = "<group>";
		};
		4ED878EA1ED25C2400D72C26 /* Login */ = {
			isa = PBXGroup;
			children = (
				4ED878DC1ED2588000D72C26 /* Main.storyboard */,
				4ED878ED1ED25C7E00D72C26 /* LoginViewController.swift */,
			);
			name = Login;
			sourceTree = "<group>";
		};
		4ED878EF1ED25C9300D72C26 /* Supporting Files */ = {
			isa = PBXGroup;
			children = (
				4EBDEDD01EFDDAFF0089796F /* HKT-Bridging-Header.h */,
				4ED878DF1ED2588000D72C26 /* Assets.xcassets */,
				4ED878D81ED2588000D72C26 /* AppDelegate.swift */,
				4ED878E11ED2588000D72C26 /* LaunchScreen.storyboard */,
				4ED878E41ED2588000D72C26 /* Info.plist */,
			);
			name = "Supporting Files";
			sourceTree = "<group>";
		};
		4ED878F01ED25CF600D72C26 /* Tickets */ = {
			isa = PBXGroup;
			children = (
				4ED878F11ED25D1600D72C26 /* TicketStoryboard.storyboard */,
				4ED879011ED304A400D72C26 /* TicketDetailViewController.swift */,
				4E312DD51EF6F33B005B8E9F /* Ticket Search */,
				4E312DD41EF6F30C005B8E9F /* Ticket List */,
				4EBDEDFD1F05B1EE0089796F /* TicketOverviewCell */,
			);
			name = Tickets;
			sourceTree = "<group>";
		};
		4ED878F91ED2621100D72C26 /* SharedComponents */ = {
			isa = PBXGroup;
			children = (
				4EBDEDF81F027EA00089796F /* StyledNavigationController */,
				4EBDEDF01F02766E0089796F /* CustomerOptionTableViewCell */,
				4EBDEDE41F0099D60089796F /* TitleDetailView */,
				4EBDEDE31F0099BB0089796F /* TitleDetailTableViewCell */,
				4EBDEDEB1F01DCE50089796F /* IndentedLabelTableViewCell */,
			);
			name = SharedComponents;
			sourceTree = "<group>";
		};
		4ED878FA1ED26AB100D72C26 /* Model */ = {
			isa = PBXGroup;
			children = (
				4ED878FB1ED26ACF00D72C26 /* TicketModel.swift */,
				4E312DCD1EF21274005B8E9F /* CustomerModel.swift */,
				4ED879131ED4520200D72C26 /* BodyMeasurementsModel.swift */,
				4E312DD21EF2155F005B8E9F /* FinishMeasurementsModel.swift */,
				4EBDEE021F05E0580089796F /* TicketAlterationModel.swift */,
			);
			name = Model;
			sourceTree = "<group>";
		};
		4ED879031ED3A6EF00D72C26 /* Home */ = {
			isa = PBXGroup;
			children = (
				4ED879041ED3A6FC00D72C26 /* HomeStoryboard.storyboard */,
				4ED879061ED3A7E300D72C26 /* HomeViewController.swift */,
			);
			name = Home;
			sourceTree = "<group>";
		};
		4ED879081ED3ABA200D72C26 /* CustomerSearch */ = {
			isa = PBXGroup;
			children = (
				4ED8790D1ED3B08F00D72C26 /* CustomerSplitViewController.swift */,
				4ED8790F1ED3B0DE00D72C26 /* CustomerSearchCriteriaViewController.swift */,
				4ED879111ED3B1DD00D72C26 /* CustomerSearchResultTableViewController.swift */,
				4ED8790B1ED3AF5100D72C26 /* CustomerStoryboard.storyboard */,
			);
			name = CustomerSearch;
			sourceTree = "<group>";
		};
		7757E6F19E742715EE3B0670 /* Pods */ = {
			isa = PBXGroup;
			children = (
				59F680BB45BC0298FBE600BB /* Pods-HKT.debug.xcconfig */,
				D234E325F217302ABC774C48 /* Pods-HKT.release.xcconfig */,
			);
			name = Pods;
			sourceTree = "<group>";
		};
/* End PBXGroup section */

/* Begin PBXNativeTarget section */
		4ED878D41ED2588000D72C26 /* HKT */ = {
			isa = PBXNativeTarget;
			buildConfigurationList = 4ED878E71ED2588000D72C26 /* Build configuration list for PBXNativeTarget "HKT" */;
			buildPhases = (
				382704DF807EB6C0FAA1038F /* [CP] Check Pods Manifest.lock */,
				4ED878D11ED2588000D72C26 /* Sources */,
				4ED878D21ED2588000D72C26 /* Frameworks */,
				4ED878D31ED2588000D72C26 /* Resources */,
				DC655865F6B3B0F6B5F71B3D /* [CP] Embed Pods Frameworks */,
				125D0214E9677EC067DB9684 /* [CP] Copy Pods Resources */,
			);
			buildRules = (
			);
			dependencies = (
			);
			name = HKT;
			productName = HKT;
			productReference = 4ED878D51ED2588000D72C26 /* HKT.app */;
			productType = "com.apple.product-type.application";
		};
/* End PBXNativeTarget section */

/* Begin PBXProject section */
		4ED878CD1ED2588000D72C26 /* Project object */ = {
			isa = PBXProject;
			attributes = {
				LastSwiftUpdateCheck = 0830;
				LastUpgradeCheck = 0830;
				ORGANIZATIONNAME = ThoughtSeize;
				TargetAttributes = {
					4ED878D41ED2588000D72C26 = {
						CreatedOnToolsVersion = 8.3.2;
						LastSwiftMigration = 0830;
						ProvisioningStyle = Automatic;
					};
				};
			};
			buildConfigurationList = 4ED878D01ED2588000D72C26 /* Build configuration list for PBXProject "HKT" */;
			compatibilityVersion = "Xcode 3.2";
			developmentRegion = English;
			hasScannedForEncodings = 0;
			knownRegions = (
				en,
				Base,
			);
			mainGroup = 4ED878CC1ED2588000D72C26;
			productRefGroup = 4ED878D61ED2588000D72C26 /* Products */;
			projectDirPath = "";
			projectRoot = "";
			targets = (
				4ED878D41ED2588000D72C26 /* HKT */,
			);
		};
/* End PBXProject section */

/* Begin PBXResourcesBuildPhase section */
		4ED878D31ED2588000D72C26 /* Resources */ = {
			isa = PBXResourcesBuildPhase;
			buildActionMask = 2147483647;
			files = (
				4EBDEDE61F0099FE0089796F /* TitleDetailSectionView.xib in Resources */,
				4ED878F61ED2608E00D72C26 /* TitleDetailTableViewCell.xib in Resources */,
				4ED878E31ED2588000D72C26 /* LaunchScreen.storyboard in Resources */,
				4EBDEDEF1F01DD290089796F /* IndentedLabelTableViewCell.xib in Resources */,
				4EBDEDF21F02769C0089796F /* CustomerOptionTableViewCell.xib in Resources */,
				4ED879051ED3A6FC00D72C26 /* HomeStoryboard.storyboard in Resources */,
				4ED878E01ED2588000D72C26 /* Assets.xcassets in Resources */,
				4ED878DE1ED2588000D72C26 /* Main.storyboard in Resources */,
				4EBDEDFF1F05B2240089796F /* TicketOverviewTableViewCell.xib in Resources */,
				4ED878F21ED25D1600D72C26 /* TicketStoryboard.storyboard in Resources */,
				4ED8790C1ED3AF5100D72C26 /* CustomerStoryboard.storyboard in Resources */,
			);
			runOnlyForDeploymentPostprocessing = 0;
		};
/* End PBXResourcesBuildPhase section */

/* Begin PBXShellScriptBuildPhase section */
		125D0214E9677EC067DB9684 /* [CP] Copy Pods Resources */ = {
			isa = PBXShellScriptBuildPhase;
			buildActionMask = 2147483647;
			files = (
			);
			inputPaths = (
			);
			name = "[CP] Copy Pods Resources";
			outputPaths = (
			);
			runOnlyForDeploymentPostprocessing = 0;
			shellPath = /bin/sh;
			shellScript = "\"${SRCROOT}/Pods/Target Support Files/Pods-HKT/Pods-HKT-resources.sh\"\n";
			showEnvVarsInLog = 0;
		};
		382704DF807EB6C0FAA1038F /* [CP] Check Pods Manifest.lock */ = {
			isa = PBXShellScriptBuildPhase;
			buildActionMask = 2147483647;
			files = (
			);
			inputPaths = (
			);
			name = "[CP] Check Pods Manifest.lock";
			outputPaths = (
			);
			runOnlyForDeploymentPostprocessing = 0;
			shellPath = /bin/sh;
			shellScript = "diff \"${PODS_ROOT}/../Podfile.lock\" \"${PODS_ROOT}/Manifest.lock\" > /dev/null\nif [[ $? != 0 ]] ; then\n    cat << EOM\nerror: The sandbox is not in sync with the Podfile.lock. Run 'pod install' or update your CocoaPods installation.\nEOM\n    exit 1\nfi\n";
			showEnvVarsInLog = 0;
		};
		DC655865F6B3B0F6B5F71B3D /* [CP] Embed Pods Frameworks */ = {
			isa = PBXShellScriptBuildPhase;
			buildActionMask = 2147483647;
			files = (
			);
			inputPaths = (
			);
			name = "[CP] Embed Pods Frameworks";
			outputPaths = (
			);
			runOnlyForDeploymentPostprocessing = 0;
			shellPath = /bin/sh;
			shellScript = "\"${SRCROOT}/Pods/Target Support Files/Pods-HKT/Pods-HKT-frameworks.sh\"\n";
			showEnvVarsInLog = 0;
		};
/* End PBXShellScriptBuildPhase section */

/* Begin PBXSourcesBuildPhase section */
		4ED878D11ED2588000D72C26 /* Sources */ = {
			isa = PBXSourcesBuildPhase;
			buildActionMask = 2147483647;
			files = (
				4EBDEE011F05B24A0089796F /* TicketOverviewTableViewCell.swift in Sources */,
				4ED878FC1ED26ACF00D72C26 /* TicketModel.swift in Sources */,
				4EBDEDEA1F009BD10089796F /* UIView+NibLoading.swift in Sources */,
				4ED879001ED26D0900D72C26 /* UISplitViewController+MasterDetail.swift in Sources */,
				4ED879021ED304A400D72C26 /* TicketDetailViewController.swift in Sources */,
				4EBDEDDE1F000E970089796F /* ApplicationData+Authentication.swift in Sources */,
				4E312DD71EF6F35F005B8E9F /* TicketSearchSplitViewController.swift in Sources */,
				4EBDEDD91EFE8BCD0089796F /* ServiceManager+Authentication.swift in Sources */,
				4E312DD31EF2155F005B8E9F /* FinishMeasurementsModel.swift in Sources */,
				4E312DDC1EF75B39005B8E9F /* CustomerDetailViewController.swift in Sources */,
				4ED878FE1ED26CC900D72C26 /* TicketListSplitViewController.swift in Sources */,
				4EBDEDF41F0277670089796F /* CustomerOptionTableViewCell.swift in Sources */,
				4ED879141ED4520200D72C26 /* BodyMeasurementsModel.swift in Sources */,
				4ED878EE1ED25C7E00D72C26 /* LoginViewController.swift in Sources */,
				4EBDEDCF1EFB379F0089796F /* ApplicationData.swift in Sources */,
				4ED879071ED3A7E300D72C26 /* HomeViewController.swift in Sources */,
				4EBDEDDB1EFE8CE60089796F /* ServiceRouter.swift in Sources */,
				4ED878F81ED261B400D72C26 /* TitleDetailTableViewCell.swift in Sources */,
				4ED879121ED3B1DD00D72C26 /* CustomerSearchResultTableViewController.swift in Sources */,
				4ED8790A1ED3AD9500D72C26 /* TicketSearchCriteriaViewController.swift in Sources */,
				4EBDEDE81F009A0D0089796F /* TitleDetailSectionView.swift in Sources */,
				4ED8790E1ED3B08F00D72C26 /* CustomerSplitViewController.swift in Sources */,
				4ED878F41ED25E5E00D72C26 /* TicketListTableViewController.swift in Sources */,
				4ED878D91ED2588000D72C26 /* AppDelegate.swift in Sources */,
				4E312DCE1EF21274005B8E9F /* CustomerModel.swift in Sources */,
				4EBDEDE01F0045DC0089796F /* ServiceManager+Customers.swift in Sources */,
				4EBDEDFC1F047FED0089796F /* ServiceManager+Tickets.swift in Sources */,
				4EBDEDED1F01DD1A0089796F /* IndentedLabelTableViewCell.swift in Sources */,
				4ED879101ED3B0DE00D72C26 /* CustomerSearchCriteriaViewController.swift in Sources */,
				4EBDEDFA1F027EB00089796F /* StyledNavigationController.swift in Sources */,
				4EBDEE031F05E0580089796F /* TicketAlterationModel.swift in Sources */,
				4EBDEDD61EFDDB290089796F /* ServiceManager.swift in Sources */,
			);
			runOnlyForDeploymentPostprocessing = 0;
		};
/* End PBXSourcesBuildPhase section */

/* Begin PBXVariantGroup section */
		4ED878DC1ED2588000D72C26 /* Main.storyboard */ = {
			isa = PBXVariantGroup;
			children = (
				4ED878DD1ED2588000D72C26 /* Base */,
			);
			name = Main.storyboard;
			sourceTree = "<group>";
		};
		4ED878E11ED2588000D72C26 /* LaunchScreen.storyboard */ = {
			isa = PBXVariantGroup;
			children = (
				4ED878E21ED2588000D72C26 /* Base */,
			);
			name = LaunchScreen.storyboard;
			sourceTree = "<group>";
		};
/* End PBXVariantGroup section */

/* Begin XCBuildConfiguration section */
		4ED878E51ED2588000D72C26 /* Debug */ = {
			isa = XCBuildConfiguration;
			buildSettings = {
				ALWAYS_SEARCH_USER_PATHS = NO;
				CLANG_ANALYZER_NONNULL = YES;
				CLANG_ANALYZER_NUMBER_OBJECT_CONVERSION = YES_AGGRESSIVE;
				CLANG_CXX_LANGUAGE_STANDARD = "gnu++0x";
				CLANG_CXX_LIBRARY = "libc++";
				CLANG_ENABLE_MODULES = YES;
				CLANG_ENABLE_OBJC_ARC = YES;
				CLANG_WARN_BOOL_CONVERSION = YES;
				CLANG_WARN_CONSTANT_CONVERSION = YES;
				CLANG_WARN_DIRECT_OBJC_ISA_USAGE = YES_ERROR;
				CLANG_WARN_DOCUMENTATION_COMMENTS = YES;
				CLANG_WARN_EMPTY_BODY = YES;
				CLANG_WARN_ENUM_CONVERSION = YES;
				CLANG_WARN_INFINITE_RECURSION = YES;
				CLANG_WARN_INT_CONVERSION = YES;
				CLANG_WARN_OBJC_ROOT_CLASS = YES_ERROR;
				CLANG_WARN_SUSPICIOUS_MOVE = YES;
				CLANG_WARN_UNREACHABLE_CODE = YES;
				CLANG_WARN__DUPLICATE_METHOD_MATCH = YES;
				"CODE_SIGN_IDENTITY[sdk=iphoneos*]" = "iPhone Developer";
				COPY_PHASE_STRIP = NO;
				DEBUG_INFORMATION_FORMAT = dwarf;
				ENABLE_STRICT_OBJC_MSGSEND = YES;
				ENABLE_TESTABILITY = YES;
				GCC_C_LANGUAGE_STANDARD = gnu99;
				GCC_DYNAMIC_NO_PIC = NO;
				GCC_NO_COMMON_BLOCKS = YES;
				GCC_OPTIMIZATION_LEVEL = 0;
				GCC_PREPROCESSOR_DEFINITIONS = (
					"DEBUG=1",
					"$(inherited)",
				);
				GCC_WARN_64_TO_32_BIT_CONVERSION = YES;
				GCC_WARN_ABOUT_RETURN_TYPE = YES_ERROR;
				GCC_WARN_UNDECLARED_SELECTOR = YES;
				GCC_WARN_UNINITIALIZED_AUTOS = YES_AGGRESSIVE;
				GCC_WARN_UNUSED_FUNCTION = YES;
				GCC_WARN_UNUSED_VARIABLE = YES;
				IPHONEOS_DEPLOYMENT_TARGET = 10.3;
				MTL_ENABLE_DEBUG_INFO = YES;
				ONLY_ACTIVE_ARCH = YES;
				SDKROOT = iphoneos;
				SWIFT_ACTIVE_COMPILATION_CONDITIONS = DEBUG;
				SWIFT_OPTIMIZATION_LEVEL = "-Onone";
				TARGETED_DEVICE_FAMILY = 2;
			};
			name = Debug;
		};
		4ED878E61ED2588000D72C26 /* Release */ = {
			isa = XCBuildConfiguration;
			buildSettings = {
				ALWAYS_SEARCH_USER_PATHS = NO;
				CLANG_ANALYZER_NONNULL = YES;
				CLANG_ANALYZER_NUMBER_OBJECT_CONVERSION = YES_AGGRESSIVE;
				CLANG_CXX_LANGUAGE_STANDARD = "gnu++0x";
				CLANG_CXX_LIBRARY = "libc++";
				CLANG_ENABLE_MODULES = YES;
				CLANG_ENABLE_OBJC_ARC = YES;
				CLANG_WARN_BOOL_CONVERSION = YES;
				CLANG_WARN_CONSTANT_CONVERSION = YES;
				CLANG_WARN_DIRECT_OBJC_ISA_USAGE = YES_ERROR;
				CLANG_WARN_DOCUMENTATION_COMMENTS = YES;
				CLANG_WARN_EMPTY_BODY = YES;
				CLANG_WARN_ENUM_CONVERSION = YES;
				CLANG_WARN_INFINITE_RECURSION = YES;
				CLANG_WARN_INT_CONVERSION = YES;
				CLANG_WARN_OBJC_ROOT_CLASS = YES_ERROR;
				CLANG_WARN_SUSPICIOUS_MOVE = YES;
				CLANG_WARN_UNREACHABLE_CODE = YES;
				CLANG_WARN__DUPLICATE_METHOD_MATCH = YES;
				"CODE_SIGN_IDENTITY[sdk=iphoneos*]" = "iPhone Developer";
				COPY_PHASE_STRIP = NO;
				DEBUG_INFORMATION_FORMAT = "dwarf-with-dsym";
				ENABLE_NS_ASSERTIONS = NO;
				ENABLE_STRICT_OBJC_MSGSEND = YES;
				GCC_C_LANGUAGE_STANDARD = gnu99;
				GCC_NO_COMMON_BLOCKS = YES;
				GCC_WARN_64_TO_32_BIT_CONVERSION = YES;
				GCC_WARN_ABOUT_RETURN_TYPE = YES_ERROR;
				GCC_WARN_UNDECLARED_SELECTOR = YES;
				GCC_WARN_UNINITIALIZED_AUTOS = YES_AGGRESSIVE;
				GCC_WARN_UNUSED_FUNCTION = YES;
				GCC_WARN_UNUSED_VARIABLE = YES;
				IPHONEOS_DEPLOYMENT_TARGET = 10.3;
				MTL_ENABLE_DEBUG_INFO = NO;
				SDKROOT = iphoneos;
				SWIFT_OPTIMIZATION_LEVEL = "-Owholemodule";
				TARGETED_DEVICE_FAMILY = 2;
				VALIDATE_PRODUCT = YES;
			};
			name = Release;
		};
		4ED878E81ED2588000D72C26 /* Debug */ = {
			isa = XCBuildConfiguration;
			baseConfigurationReference = 59F680BB45BC0298FBE600BB /* Pods-HKT.debug.xcconfig */;
			buildSettings = {
				ASSETCATALOG_COMPILER_APPICON_NAME = AppIcon;
				CLANG_ENABLE_MODULES = YES;
				INFOPLIST_FILE = HKT/Info.plist;
				LD_RUNPATH_SEARCH_PATHS = "$(inherited) @executable_path/Frameworks";
				PRODUCT_BUNDLE_IDENTIFIER = com.thoughtseize.HKT;
				PRODUCT_NAME = "$(TARGET_NAME)";
				SWIFT_OBJC_BRIDGING_HEADER = "HKT/HKT-Bridging-Header.h";
				SWIFT_OPTIMIZATION_LEVEL = "-Onone";
				SWIFT_VERSION = 3.0;
			};
			name = Debug;
		};
		4ED878E91ED2588000D72C26 /* Release */ = {
			isa = XCBuildConfiguration;
			baseConfigurationReference = D234E325F217302ABC774C48 /* Pods-HKT.release.xcconfig */;
			buildSettings = {
				ASSETCATALOG_COMPILER_APPICON_NAME = AppIcon;
				CLANG_ENABLE_MODULES = YES;
				INFOPLIST_FILE = HKT/Info.plist;
				LD_RUNPATH_SEARCH_PATHS = "$(inherited) @executable_path/Frameworks";
				PRODUCT_BUNDLE_IDENTIFIER = com.thoughtseize.HKT;
				PRODUCT_NAME = "$(TARGET_NAME)";
				SWIFT_OBJC_BRIDGING_HEADER = "HKT/HKT-Bridging-Header.h";
				SWIFT_VERSION = 3.0;
			};
			name = Release;
		};
/* End XCBuildConfiguration section */

/* Begin XCConfigurationList section */
		4ED878D01ED2588000D72C26 /* Build configuration list for PBXProject "HKT" */ = {
			isa = XCConfigurationList;
			buildConfigurations = (
				4ED878E51ED2588000D72C26 /* Debug */,
				4ED878E61ED2588000D72C26 /* Release */,
			);
			defaultConfigurationIsVisible = 0;
			defaultConfigurationName = Release;
		};
		4ED878E71ED2588000D72C26 /* Build configuration list for PBXNativeTarget "HKT" */ = {
			isa = XCConfigurationList;
			buildConfigurations = (
				4ED878E81ED2588000D72C26 /* Debug */,
				4ED878E91ED2588000D72C26 /* Release */,
			);
			defaultConfigurationIsVisible = 0;
			defaultConfigurationName = Release;
		};
/* End XCConfigurationList section */
	};
	rootObject = 4ED878CD1ED2588000D72C26 /* Project object */;
}
