// !$*UTF8*$!
{
	archiveVersion = 1;
	classes = {
	};
	objectVersion = 46;
	objects = {

/* Begin PBXBuildFile section */
		4E1BE0911B0634EA0092E035 /* MeasurementsInterface.swift in Sources */ = {isa = PBXBuildFile; fileRef = 4E1BE0901B0634EA0092E035 /* MeasurementsInterface.swift */; };
		4E1BE0931B0925380092E035 /* OrderOptionCell.swift in Sources */ = {isa = PBXBuildFile; fileRef = 4E1BE0921B0925380092E035 /* OrderOptionCell.swift */; };
		4E21ED431B38DF9100856148 /* HKTColors.swift in Sources */ = {isa = PBXBuildFile; fileRef = 4E21ED421B38DF9100856148 /* HKTColors.swift */; };
		4E21ED451B38EE1500856148 /* HKTStyling.swift in Sources */ = {isa = PBXBuildFile; fileRef = 4E21ED441B38EE1500856148 /* HKTStyling.swift */; };
		4E21ED4B1B38F45F00856148 /* CODE Bold.otf in Resources */ = {isa = PBXBuildFile; fileRef = 4E21ED461B38F45F00856148 /* CODE Bold.otf */; };
		4E21ED4C1B38F45F00856148 /* CODE Light.otf in Resources */ = {isa = PBXBuildFile; fileRef = 4E21ED471B38F45F00856148 /* CODE Light.otf */; };
		4E21ED4D1B38F45F00856148 /* MyriadPro-Bold.otf in Resources */ = {isa = PBXBuildFile; fileRef = 4E21ED481B38F45F00856148 /* MyriadPro-Bold.otf */; };
		4E21ED4E1B38F45F00856148 /* MyriadPro-Regular.otf in Resources */ = {isa = PBXBuildFile; fileRef = 4E21ED491B38F45F00856148 /* MyriadPro-Regular.otf */; };
		4E21ED4F1B38F45F00856148 /* MyriadPro-Semibold.otf in Resources */ = {isa = PBXBuildFile; fileRef = 4E21ED4A1B38F45F00856148 /* MyriadPro-Semibold.otf */; };
		4E36076E1B5F241B00C67F1D /* ServiceManager.swift in Sources */ = {isa = PBXBuildFile; fileRef = 4E36076D1B5F241B00C67F1D /* ServiceManager.swift */; };
		4E3607701B5F32B900C67F1D /* Customer.swift in Sources */ = {isa = PBXBuildFile; fileRef = 4E36076F1B5F32B900C67F1D /* Customer.swift */; };
		4E40EBB31B67C2EF00CC683A /* OrderHistory.storyboard in Resources */ = {isa = PBXBuildFile; fileRef = 4E40EBB21B67C2EF00CC683A /* OrderHistory.storyboard */; };
		4E40EBB51B67C55300CC683A /* OrderHistoryViewController.swift in Sources */ = {isa = PBXBuildFile; fileRef = 4E40EBB41B67C55300CC683A /* OrderHistoryViewController.swift */; };
		4E40EBB71B67C7E400CC683A /* OrderHistoryTableCell.swift in Sources */ = {isa = PBXBuildFile; fileRef = 4E40EBB61B67C7E400CC683A /* OrderHistoryTableCell.swift */; };
		4E53E8021B431F0B00075AE2 /* CustomerSearchViewController.swift in Sources */ = {isa = PBXBuildFile; fileRef = 4E53E8011B431F0B00075AE2 /* CustomerSearchViewController.swift */; };
		4E53E8041B43216100075AE2 /* CustomerSearchResultTableViewCell.swift in Sources */ = {isa = PBXBuildFile; fileRef = 4E53E8031B43216100075AE2 /* CustomerSearchResultTableViewCell.swift */; };
		4E53E8061B4325BD00075AE2 /* CustomerMeasurementChooserModalViewController.swift in Sources */ = {isa = PBXBuildFile; fileRef = 4E53E8051B4325BD00075AE2 /* CustomerMeasurementChooserModalViewController.swift */; };
		4E53E8081B43260E00075AE2 /* CustomerMeasurementModalTableViewCell.swift in Sources */ = {isa = PBXBuildFile; fileRef = 4E53E8071B43260E00075AE2 /* CustomerMeasurementModalTableViewCell.swift */; };
		4E53E80A1B432B5400075AE2 /* Customer.storyboard in Resources */ = {isa = PBXBuildFile; fileRef = 4E53E8091B432B5400075AE2 /* Customer.storyboard */; };
		4E57028E1B4CB8C300CAFA63 /* BaseNavigationController.swift in Sources */ = {isa = PBXBuildFile; fileRef = 4E57028D1B4CB8C300CAFA63 /* BaseNavigationController.swift */; };
		4E7B32531B2928CF000D9A87 /* SuitFabricTableViewCell.swift in Sources */ = {isa = PBXBuildFile; fileRef = 4E7B32521B2928CF000D9A87 /* SuitFabricTableViewCell.swift */; };
		4E7F4F251B45AA6400BE4380 /* FinishMeasurements.swift in Sources */ = {isa = PBXBuildFile; fileRef = 4E7F4F241B45AA6400BE4380 /* FinishMeasurements.swift */; };
		4E83505D1AFAB18D00C824C3 /* AppDelegate.swift in Sources */ = {isa = PBXBuildFile; fileRef = 4E83505C1AFAB18D00C824C3 /* AppDelegate.swift */; };
		4E8350601AFAB18D00C824C3 /* HKTicketsSwift.xcdatamodeld in Sources */ = {isa = PBXBuildFile; fileRef = 4E83505E1AFAB18D00C824C3 /* HKTicketsSwift.xcdatamodeld */; };
		4E8350651AFAB18D00C824C3 /* Main.storyboard in Resources */ = {isa = PBXBuildFile; fileRef = 4E8350631AFAB18D00C824C3 /* Main.storyboard */; };
		4E8350671AFAB18D00C824C3 /* Images.xcassets in Resources */ = {isa = PBXBuildFile; fileRef = 4E8350661AFAB18D00C824C3 /* Images.xcassets */; };
		4E83506A1AFAB18D00C824C3 /* LaunchScreen.xib in Resources */ = {isa = PBXBuildFile; fileRef = 4E8350681AFAB18D00C824C3 /* LaunchScreen.xib */; };
		4E8350801AFAB7D600C824C3 /* HomeViewController.swift in Sources */ = {isa = PBXBuildFile; fileRef = 4E83507F1AFAB7D600C824C3 /* HomeViewController.swift */; };
		4E8350831AFAB91800C824C3 /* HKTOrderFormViewController.swift in Sources */ = {isa = PBXBuildFile; fileRef = 4E8350821AFAB91800C824C3 /* HKTOrderFormViewController.swift */; };
		4E8350851AFAB94100C824C3 /* HKTOrder.storyboard in Resources */ = {isa = PBXBuildFile; fileRef = 4E8350841AFAB94100C824C3 /* HKTOrder.storyboard */; };
		4E8350871AFABC8800C824C3 /* HKTFabricChooserViewController.swift in Sources */ = {isa = PBXBuildFile; fileRef = 4E8350861AFABC8800C824C3 /* HKTFabricChooserViewController.swift */; };
		4E83508A1AFC12DD00C824C3 /* AddFabricTableViewCell.swift in Sources */ = {isa = PBXBuildFile; fileRef = 4E8350891AFC12DD00C824C3 /* AddFabricTableViewCell.swift */; };
		4E83508C1AFC152E00C824C3 /* ShirtOrderFormViewController.swift in Sources */ = {isa = PBXBuildFile; fileRef = 4E83508B1AFC152E00C824C3 /* ShirtOrderFormViewController.swift */; };
		4E83508F1B0023EB00C824C3 /* BaseViewController.swift in Sources */ = {isa = PBXBuildFile; fileRef = 4E83508E1B0023EB00C824C3 /* BaseViewController.swift */; };
		4E8350911B00313700C824C3 /* ShirtOrderInfo.swift in Sources */ = {isa = PBXBuildFile; fileRef = 4E8350901B00313700C824C3 /* ShirtOrderInfo.swift */; };
		4E8350931B00D39E00C824C3 /* MessageUI.framework in Frameworks */ = {isa = PBXBuildFile; fileRef = 4E8350921B00D39E00C824C3 /* MessageUI.framework */; };
		4E8350951B00D60600C824C3 /* OrderItemInterface.swift in Sources */ = {isa = PBXBuildFile; fileRef = 4E8350941B00D60600C824C3 /* OrderItemInterface.swift */; };
		4E8350971B00D7C500C824C3 /* OrderFormDelegate.swift in Sources */ = {isa = PBXBuildFile; fileRef = 4E8350961B00D7C500C824C3 /* OrderFormDelegate.swift */; };
		4E8350991B00E29A00C824C3 /* OrderFormItemCell.swift in Sources */ = {isa = PBXBuildFile; fileRef = 4E8350981B00E29A00C824C3 /* OrderFormItemCell.swift */; };
		4E83509B1B0240E700C824C3 /* BodyMeasurements.swift in Sources */ = {isa = PBXBuildFile; fileRef = 4E83509A1B0240E700C824C3 /* BodyMeasurements.swift */; };
		4E83509D1B02412300C824C3 /* ShirtFinishMeasurements.swift in Sources */ = {isa = PBXBuildFile; fileRef = 4E83509C1B02412300C824C3 /* ShirtFinishMeasurements.swift */; };
		4E83509F1B02493300C824C3 /* ShirtMeasurementsViewController.swift in Sources */ = {isa = PBXBuildFile; fileRef = 4E83509E1B02493300C824C3 /* ShirtMeasurementsViewController.swift */; };
		4EA85F081B29176A00795742 /* SuitOrderFormViewController.swift in Sources */ = {isa = PBXBuildFile; fileRef = 4EA85F071B29176A00795742 /* SuitOrderFormViewController.swift */; };
		4EA85F0A1B291B2C00795742 /* SuitMeasurementsViewController.swift in Sources */ = {isa = PBXBuildFile; fileRef = 4EA85F091B291B2C00795742 /* SuitMeasurementsViewController.swift */; };
		4EB02B451B27B97300287BCE /* SuitOrder.storyboard in Resources */ = {isa = PBXBuildFile; fileRef = 4EB02B441B27B97300287BCE /* SuitOrder.storyboard */; };
		4EB02B471B27C63800287BCE /* SuitOrderInfo.swift in Sources */ = {isa = PBXBuildFile; fileRef = 4EB02B461B27C63800287BCE /* SuitOrderInfo.swift */; };
		4EB02B491B27D14C00287BCE /* SuitFabricModalViewController.swift in Sources */ = {isa = PBXBuildFile; fileRef = 4EB02B481B27D14C00287BCE /* SuitFabricModalViewController.swift */; };
		4EC614851B6553A1007EBC6E /* Measurements.storyboard in Resources */ = {isa = PBXBuildFile; fileRef = 4EC614841B6553A1007EBC6E /* Measurements.storyboard */; };
		4EC614871B6563A6007EBC6E /* FinishMeasurementSimpleCell.swift in Sources */ = {isa = PBXBuildFile; fileRef = 4EC614861B6563A6007EBC6E /* FinishMeasurementSimpleCell.swift */; };
		4EC614891B6563EA007EBC6E /* CustomerMeasurementsViewController.swift in Sources */ = {isa = PBXBuildFile; fileRef = 4EC614881B6563EA007EBC6E /* CustomerMeasurementsViewController.swift */; };
		4EC6148B1B65888E007EBC6E /* FinishMeasurementsViewController.swift in Sources */ = {isa = PBXBuildFile; fileRef = 4EC6148A1B65888E007EBC6E /* FinishMeasurementsViewController.swift */; };
		4ED9EFC51B124CC600461EB4 /* PantsOrderInfo.swift in Sources */ = {isa = PBXBuildFile; fileRef = 4ED9EFC41B124CC600461EB4 /* PantsOrderInfo.swift */; };
		4ED9EFC91B13B39500461EB4 /* OrderItemCell.xib in Resources */ = {isa = PBXBuildFile; fileRef = 4ED9EFC81B13B39500461EB4 /* OrderItemCell.xib */; };
		4ED9EFCB1B13B87100461EB4 /* PantsOrderFormViewController.swift in Sources */ = {isa = PBXBuildFile; fileRef = 4ED9EFCA1B13B87100461EB4 /* PantsOrderFormViewController.swift */; };
		4ED9EFCD1B13F2A100461EB4 /* PantMeasurementViewController.swift in Sources */ = {isa = PBXBuildFile; fileRef = 4ED9EFCC1B13F2A100461EB4 /* PantMeasurementViewController.swift */; };
		4ED9EFCF1B13F9CC00461EB4 /* PantsFinishMeasurements.swift in Sources */ = {isa = PBXBuildFile; fileRef = 4ED9EFCE1B13F9CC00461EB4 /* PantsFinishMeasurements.swift */; };
		4ED9F0191B1CF60D00461EB4 /* JacketOrderFormViewController.swift in Sources */ = {isa = PBXBuildFile; fileRef = 4ED9F0181B1CF60D00461EB4 /* JacketOrderFormViewController.swift */; };
		4ED9F01C1B1D30C200461EB4 /* VestOrderFormViewController.swift in Sources */ = {isa = PBXBuildFile; fileRef = 4ED9F01B1B1D30C200461EB4 /* VestOrderFormViewController.swift */; };
		4ED9F01E1B1D320400461EB4 /* VestOrderInfo.swift in Sources */ = {isa = PBXBuildFile; fileRef = 4ED9F01D1B1D320400461EB4 /* VestOrderInfo.swift */; };
		4ED9F0201B1D33CB00461EB4 /* VestFinishMeasurements.swift in Sources */ = {isa = PBXBuildFile; fileRef = 4ED9F01F1B1D33CB00461EB4 /* VestFinishMeasurements.swift */; };
		4ED9F0221B1D430800461EB4 /* VestMeasurementViewController.swift in Sources */ = {isa = PBXBuildFile; fileRef = 4ED9F0211B1D430800461EB4 /* VestMeasurementViewController.swift */; };
		4ED9F0241B1F8B6C00461EB4 /* JacketFinishMeasurements.swift in Sources */ = {isa = PBXBuildFile; fileRef = 4ED9F0231B1F8B6C00461EB4 /* JacketFinishMeasurements.swift */; };
		4ED9F0261B1F8CCD00461EB4 /* JacketOrderInfo.swift in Sources */ = {isa = PBXBuildFile; fileRef = 4ED9F0251B1F8CCD00461EB4 /* JacketOrderInfo.swift */; };
		4ED9F0281B20983000461EB4 /* JacketMeasurementsViewController.swift in Sources */ = {isa = PBXBuildFile; fileRef = 4ED9F0271B20983000461EB4 /* JacketMeasurementsViewController.swift */; };
		4EDFF5001B27D9080039AE42 /* SuitFabricChooserViewController.swift in Sources */ = {isa = PBXBuildFile; fileRef = 4EDFF4FF1B27D9080039AE42 /* SuitFabricChooserViewController.swift */; };
		F6778C0B4CB6CE2B6E18A694 /* Pods.framework in Frameworks */ = {isa = PBXBuildFile; fileRef = 6C0B3AF83C1B6BE6624FCEAB /* Pods.framework */; settings = {ATTRIBUTES = (Weak, ); }; };
/* End PBXBuildFile section */

/* Begin PBXCopyFilesBuildPhase section */
		4E3607731B5F461600C67F1D /* CopyFiles */ = {
			isa = PBXCopyFilesBuildPhase;
			buildActionMask = 2147483647;
			dstPath = "";
			dstSubfolderSpec = 7;
			files = (
			);
			runOnlyForDeploymentPostprocessing = 0;
		};
/* End PBXCopyFilesBuildPhase section */

/* Begin PBXFileReference section */
		07984DCA714D3C6CA0DC0922 /* Pods.release.xcconfig */ = {isa = PBXFileReference; includeInIndex = 1; lastKnownFileType = text.xcconfig; name = Pods.release.xcconfig; path = "Pods/Target Support Files/Pods/Pods.release.xcconfig"; sourceTree = "<group>"; };
		2FBF336FC5DCB3B5F3A71D14 /* Pods.debug.xcconfig */ = {isa = PBXFileReference; includeInIndex = 1; lastKnownFileType = text.xcconfig; name = Pods.debug.xcconfig; path = "Pods/Target Support Files/Pods/Pods.debug.xcconfig"; sourceTree = "<group>"; };
		35CF3B5FD7D1FEBB72037183 /* Pods.staging.xcconfig */ = {isa = PBXFileReference; includeInIndex = 1; lastKnownFileType = text.xcconfig; name = Pods.staging.xcconfig; path = "Pods/Target Support Files/Pods/Pods.staging.xcconfig"; sourceTree = "<group>"; };
		4E1BE0901B0634EA0092E035 /* MeasurementsInterface.swift */ = {isa = PBXFileReference; fileEncoding = 4; lastKnownFileType = sourcecode.swift; path = MeasurementsInterface.swift; sourceTree = "<group>"; };
		4E1BE0921B0925380092E035 /* OrderOptionCell.swift */ = {isa = PBXFileReference; fileEncoding = 4; lastKnownFileType = sourcecode.swift; path = OrderOptionCell.swift; sourceTree = "<group>"; };
		4E21ED421B38DF9100856148 /* HKTColors.swift */ = {isa = PBXFileReference; fileEncoding = 4; lastKnownFileType = sourcecode.swift; path = HKTColors.swift; sourceTree = "<group>"; };
		4E21ED441B38EE1500856148 /* HKTStyling.swift */ = {isa = PBXFileReference; fileEncoding = 4; lastKnownFileType = sourcecode.swift; path = HKTStyling.swift; sourceTree = "<group>"; };
		4E21ED461B38F45F00856148 /* CODE Bold.otf */ = {isa = PBXFileReference; lastKnownFileType = file; path = "CODE Bold.otf"; sourceTree = "<group>"; };
		4E21ED471B38F45F00856148 /* CODE Light.otf */ = {isa = PBXFileReference; lastKnownFileType = file; path = "CODE Light.otf"; sourceTree = "<group>"; };
		4E21ED481B38F45F00856148 /* MyriadPro-Bold.otf */ = {isa = PBXFileReference; lastKnownFileType = file; path = "MyriadPro-Bold.otf"; sourceTree = "<group>"; };
		4E21ED491B38F45F00856148 /* MyriadPro-Regular.otf */ = {isa = PBXFileReference; lastKnownFileType = file; path = "MyriadPro-Regular.otf"; sourceTree = "<group>"; };
		4E21ED4A1B38F45F00856148 /* MyriadPro-Semibold.otf */ = {isa = PBXFileReference; lastKnownFileType = file; path = "MyriadPro-Semibold.otf"; sourceTree = "<group>"; };
		4E36076D1B5F241B00C67F1D /* ServiceManager.swift */ = {isa = PBXFileReference; fileEncoding = 4; lastKnownFileType = sourcecode.swift; path = ServiceManager.swift; sourceTree = "<group>"; };
		4E36076F1B5F32B900C67F1D /* Customer.swift */ = {isa = PBXFileReference; fileEncoding = 4; lastKnownFileType = sourcecode.swift; path = Customer.swift; sourceTree = "<group>"; };
		4E3607711B5F44AA00C67F1D /* AFNetworking.framework */ = {isa = PBXFileReference; lastKnownFileType = wrapper.framework; name = AFNetworking.framework; path = "Pods/../build/Debug-iphoneos/Pods/AFNetworking.framework"; sourceTree = "<group>"; };
		4E40EBB21B67C2EF00CC683A /* OrderHistory.storyboard */ = {isa = PBXFileReference; fileEncoding = 4; lastKnownFileType = file.storyboard; path = OrderHistory.storyboard; sourceTree = "<group>"; };
		4E40EBB41B67C55300CC683A /* OrderHistoryViewController.swift */ = {isa = PBXFileReference; fileEncoding = 4; lastKnownFileType = sourcecode.swift; path = OrderHistoryViewController.swift; sourceTree = "<group>"; };
		4E40EBB61B67C7E400CC683A /* OrderHistoryTableCell.swift */ = {isa = PBXFileReference; fileEncoding = 4; lastKnownFileType = sourcecode.swift; path = OrderHistoryTableCell.swift; sourceTree = "<group>"; };
		4E53E8011B431F0B00075AE2 /* CustomerSearchViewController.swift */ = {isa = PBXFileReference; fileEncoding = 4; lastKnownFileType = sourcecode.swift; path = CustomerSearchViewController.swift; sourceTree = "<group>"; };
		4E53E8031B43216100075AE2 /* CustomerSearchResultTableViewCell.swift */ = {isa = PBXFileReference; fileEncoding = 4; lastKnownFileType = sourcecode.swift; path = CustomerSearchResultTableViewCell.swift; sourceTree = "<group>"; };
		4E53E8051B4325BD00075AE2 /* CustomerMeasurementChooserModalViewController.swift */ = {isa = PBXFileReference; fileEncoding = 4; lastKnownFileType = sourcecode.swift; path = CustomerMeasurementChooserModalViewController.swift; sourceTree = "<group>"; };
		4E53E8071B43260E00075AE2 /* CustomerMeasurementModalTableViewCell.swift */ = {isa = PBXFileReference; fileEncoding = 4; lastKnownFileType = sourcecode.swift; path = CustomerMeasurementModalTableViewCell.swift; sourceTree = "<group>"; };
		4E53E8091B432B5400075AE2 /* Customer.storyboard */ = {isa = PBXFileReference; fileEncoding = 4; lastKnownFileType = file.storyboard; path = Customer.storyboard; sourceTree = "<group>"; };
		4E57028D1B4CB8C300CAFA63 /* BaseNavigationController.swift */ = {isa = PBXFileReference; fileEncoding = 4; lastKnownFileType = sourcecode.swift; path = BaseNavigationController.swift; sourceTree = "<group>"; };
		4E7B32521B2928CF000D9A87 /* SuitFabricTableViewCell.swift */ = {isa = PBXFileReference; fileEncoding = 4; lastKnownFileType = sourcecode.swift; path = SuitFabricTableViewCell.swift; sourceTree = "<group>"; };
		4E7F4F241B45AA6400BE4380 /* FinishMeasurements.swift */ = {isa = PBXFileReference; fileEncoding = 4; lastKnownFileType = sourcecode.swift; path = FinishMeasurements.swift; sourceTree = "<group>"; };
		4E8350571AFAB18D00C824C3 /* HKTickets.app */ = {isa = PBXFileReference; explicitFileType = wrapper.application; includeInIndex = 0; path = HKTickets.app; sourceTree = BUILT_PRODUCTS_DIR; };
		4E83505B1AFAB18D00C824C3 /* Info.plist */ = {isa = PBXFileReference; lastKnownFileType = text.plist.xml; path = Info.plist; sourceTree = "<group>"; };
		4E83505C1AFAB18D00C824C3 /* AppDelegate.swift */ = {isa = PBXFileReference; lastKnownFileType = sourcecode.swift; path = AppDelegate.swift; sourceTree = "<group>"; };
		4E83505F1AFAB18D00C824C3 /* HKTicketsSwift.xcdatamodel */ = {isa = PBXFileReference; lastKnownFileType = wrapper.xcdatamodel; path = HKTicketsSwift.xcdatamodel; sourceTree = "<group>"; };
		4E8350641AFAB18D00C824C3 /* Base */ = {isa = PBXFileReference; lastKnownFileType = file.storyboard; name = Base; path = Base.lproj/Main.storyboard; sourceTree = "<group>"; };
		4E8350661AFAB18D00C824C3 /* Images.xcassets */ = {isa = PBXFileReference; lastKnownFileType = folder.assetcatalog; path = Images.xcassets; sourceTree = "<group>"; };
		4E8350691AFAB18D00C824C3 /* Base */ = {isa = PBXFileReference; lastKnownFileType = file.xib; name = Base; path = Base.lproj/LaunchScreen.xib; sourceTree = "<group>"; };
		4E8350741AFAB18D00C824C3 /* Info.plist */ = {isa = PBXFileReference; lastKnownFileType = text.plist.xml; path = Info.plist; sourceTree = "<group>"; };
		4E8350751AFAB18D00C824C3 /* HKTicketsSwiftTests.swift */ = {isa = PBXFileReference; lastKnownFileType = sourcecode.swift; path = HKTicketsSwiftTests.swift; sourceTree = "<group>"; };
		4E83507F1AFAB7D600C824C3 /* HomeViewController.swift */ = {isa = PBXFileReference; fileEncoding = 4; lastKnownFileType = sourcecode.swift; path = HomeViewController.swift; sourceTree = "<group>"; };
		4E8350821AFAB91800C824C3 /* HKTOrderFormViewController.swift */ = {isa = PBXFileReference; fileEncoding = 4; lastKnownFileType = sourcecode.swift; path = HKTOrderFormViewController.swift; sourceTree = "<group>"; };
		4E8350841AFAB94100C824C3 /* HKTOrder.storyboard */ = {isa = PBXFileReference; fileEncoding = 4; lastKnownFileType = file.storyboard; path = HKTOrder.storyboard; sourceTree = "<group>"; };
		4E8350861AFABC8800C824C3 /* HKTFabricChooserViewController.swift */ = {isa = PBXFileReference; fileEncoding = 4; lastKnownFileType = sourcecode.swift; path = HKTFabricChooserViewController.swift; sourceTree = "<group>"; };
		4E8350891AFC12DD00C824C3 /* AddFabricTableViewCell.swift */ = {isa = PBXFileReference; fileEncoding = 4; lastKnownFileType = sourcecode.swift; path = AddFabricTableViewCell.swift; sourceTree = "<group>"; };
		4E83508B1AFC152E00C824C3 /* ShirtOrderFormViewController.swift */ = {isa = PBXFileReference; fileEncoding = 4; lastKnownFileType = sourcecode.swift; path = ShirtOrderFormViewController.swift; sourceTree = "<group>"; };
		4E83508E1B0023EB00C824C3 /* BaseViewController.swift */ = {isa = PBXFileReference; fileEncoding = 4; lastKnownFileType = sourcecode.swift; path = BaseViewController.swift; sourceTree = "<group>"; };
		4E8350901B00313700C824C3 /* ShirtOrderInfo.swift */ = {isa = PBXFileReference; fileEncoding = 4; lastKnownFileType = sourcecode.swift; path = ShirtOrderInfo.swift; sourceTree = "<group>"; };
		4E8350921B00D39E00C824C3 /* MessageUI.framework */ = {isa = PBXFileReference; lastKnownFileType = wrapper.framework; name = MessageUI.framework; path = System/Library/Frameworks/MessageUI.framework; sourceTree = SDKROOT; };
		4E8350941B00D60600C824C3 /* OrderItemInterface.swift */ = {isa = PBXFileReference; fileEncoding = 4; lastKnownFileType = sourcecode.swift; path = OrderItemInterface.swift; sourceTree = "<group>"; };
		4E8350961B00D7C500C824C3 /* OrderFormDelegate.swift */ = {isa = PBXFileReference; fileEncoding = 4; lastKnownFileType = sourcecode.swift; path = OrderFormDelegate.swift; sourceTree = "<group>"; };
		4E8350981B00E29A00C824C3 /* OrderFormItemCell.swift */ = {isa = PBXFileReference; fileEncoding = 4; lastKnownFileType = sourcecode.swift; path = OrderFormItemCell.swift; sourceTree = "<group>"; };
		4E83509A1B0240E700C824C3 /* BodyMeasurements.swift */ = {isa = PBXFileReference; fileEncoding = 4; lastKnownFileType = sourcecode.swift; path = BodyMeasurements.swift; sourceTree = "<group>"; };
		4E83509C1B02412300C824C3 /* ShirtFinishMeasurements.swift */ = {isa = PBXFileReference; fileEncoding = 4; lastKnownFileType = sourcecode.swift; path = ShirtFinishMeasurements.swift; sourceTree = "<group>"; };
		4E83509E1B02493300C824C3 /* ShirtMeasurementsViewController.swift */ = {isa = PBXFileReference; fileEncoding = 4; lastKnownFileType = sourcecode.swift; path = ShirtMeasurementsViewController.swift; sourceTree = "<group>"; };
		4EA85F071B29176A00795742 /* SuitOrderFormViewController.swift */ = {isa = PBXFileReference; fileEncoding = 4; lastKnownFileType = sourcecode.swift; path = SuitOrderFormViewController.swift; sourceTree = "<group>"; };
		4EA85F091B291B2C00795742 /* SuitMeasurementsViewController.swift */ = {isa = PBXFileReference; fileEncoding = 4; lastKnownFileType = sourcecode.swift; path = SuitMeasurementsViewController.swift; sourceTree = "<group>"; };
		4EB02B441B27B97300287BCE /* SuitOrder.storyboard */ = {isa = PBXFileReference; fileEncoding = 4; lastKnownFileType = file.storyboard; path = SuitOrder.storyboard; sourceTree = "<group>"; };
		4EB02B461B27C63800287BCE /* SuitOrderInfo.swift */ = {isa = PBXFileReference; fileEncoding = 4; lastKnownFileType = sourcecode.swift; path = SuitOrderInfo.swift; sourceTree = "<group>"; };
		4EB02B481B27D14C00287BCE /* SuitFabricModalViewController.swift */ = {isa = PBXFileReference; fileEncoding = 4; lastKnownFileType = sourcecode.swift; path = SuitFabricModalViewController.swift; sourceTree = "<group>"; };
		4EC614841B6553A1007EBC6E /* Measurements.storyboard */ = {isa = PBXFileReference; fileEncoding = 4; lastKnownFileType = file.storyboard; path = Measurements.storyboard; sourceTree = "<group>"; };
		4EC614861B6563A6007EBC6E /* FinishMeasurementSimpleCell.swift */ = {isa = PBXFileReference; fileEncoding = 4; lastKnownFileType = sourcecode.swift; path = FinishMeasurementSimpleCell.swift; sourceTree = "<group>"; };
		4EC614881B6563EA007EBC6E /* CustomerMeasurementsViewController.swift */ = {isa = PBXFileReference; fileEncoding = 4; lastKnownFileType = sourcecode.swift; path = CustomerMeasurementsViewController.swift; sourceTree = "<group>"; };
		4EC6148A1B65888E007EBC6E /* FinishMeasurementsViewController.swift */ = {isa = PBXFileReference; fileEncoding = 4; lastKnownFileType = sourcecode.swift; path = FinishMeasurementsViewController.swift; sourceTree = "<group>"; };
		4ED9EFC41B124CC600461EB4 /* PantsOrderInfo.swift */ = {isa = PBXFileReference; fileEncoding = 4; lastKnownFileType = sourcecode.swift; path = PantsOrderInfo.swift; sourceTree = "<group>"; };
		4ED9EFC81B13B39500461EB4 /* OrderItemCell.xib */ = {isa = PBXFileReference; fileEncoding = 4; lastKnownFileType = file.xib; path = OrderItemCell.xib; sourceTree = "<group>"; };
		4ED9EFCA1B13B87100461EB4 /* PantsOrderFormViewController.swift */ = {isa = PBXFileReference; fileEncoding = 4; lastKnownFileType = sourcecode.swift; path = PantsOrderFormViewController.swift; sourceTree = "<group>"; };
		4ED9EFCC1B13F2A100461EB4 /* PantMeasurementViewController.swift */ = {isa = PBXFileReference; fileEncoding = 4; lastKnownFileType = sourcecode.swift; path = PantMeasurementViewController.swift; sourceTree = "<group>"; };
		4ED9EFCE1B13F9CC00461EB4 /* PantsFinishMeasurements.swift */ = {isa = PBXFileReference; fileEncoding = 4; lastKnownFileType = sourcecode.swift; path = PantsFinishMeasurements.swift; sourceTree = "<group>"; };
		4ED9F0181B1CF60D00461EB4 /* JacketOrderFormViewController.swift */ = {isa = PBXFileReference; fileEncoding = 4; lastKnownFileType = sourcecode.swift; path = JacketOrderFormViewController.swift; sourceTree = "<group>"; };
		4ED9F01B1B1D30C200461EB4 /* VestOrderFormViewController.swift */ = {isa = PBXFileReference; fileEncoding = 4; lastKnownFileType = sourcecode.swift; path = VestOrderFormViewController.swift; sourceTree = "<group>"; };
		4ED9F01D1B1D320400461EB4 /* VestOrderInfo.swift */ = {isa = PBXFileReference; fileEncoding = 4; lastKnownFileType = sourcecode.swift; path = VestOrderInfo.swift; sourceTree = "<group>"; };
		4ED9F01F1B1D33CB00461EB4 /* VestFinishMeasurements.swift */ = {isa = PBXFileReference; fileEncoding = 4; lastKnownFileType = sourcecode.swift; path = VestFinishMeasurements.swift; sourceTree = "<group>"; };
		4ED9F0211B1D430800461EB4 /* VestMeasurementViewController.swift */ = {isa = PBXFileReference; fileEncoding = 4; lastKnownFileType = sourcecode.swift; path = VestMeasurementViewController.swift; sourceTree = "<group>"; };
		4ED9F0231B1F8B6C00461EB4 /* JacketFinishMeasurements.swift */ = {isa = PBXFileReference; fileEncoding = 4; lastKnownFileType = sourcecode.swift; path = JacketFinishMeasurements.swift; sourceTree = "<group>"; };
		4ED9F0251B1F8CCD00461EB4 /* JacketOrderInfo.swift */ = {isa = PBXFileReference; fileEncoding = 4; lastKnownFileType = sourcecode.swift; path = JacketOrderInfo.swift; sourceTree = "<group>"; };
		4ED9F0271B20983000461EB4 /* JacketMeasurementsViewController.swift */ = {isa = PBXFileReference; fileEncoding = 4; lastKnownFileType = sourcecode.swift; path = JacketMeasurementsViewController.swift; sourceTree = "<group>"; };
		4EDFF4FF1B27D9080039AE42 /* SuitFabricChooserViewController.swift */ = {isa = PBXFileReference; fileEncoding = 4; lastKnownFileType = sourcecode.swift; path = SuitFabricChooserViewController.swift; sourceTree = "<group>"; };
		6C0B3AF83C1B6BE6624FCEAB /* Pods.framework */ = {isa = PBXFileReference; explicitFileType = wrapper.framework; includeInIndex = 0; path = Pods.framework; sourceTree = BUILT_PRODUCTS_DIR; };
/* End PBXFileReference section */

/* Begin PBXFrameworksBuildPhase section */
		4E8350541AFAB18D00C824C3 /* Frameworks */ = {
			isa = PBXFrameworksBuildPhase;
			buildActionMask = 2147483647;
			files = (
				4E8350931B00D39E00C824C3 /* MessageUI.framework in Frameworks */,
				F6778C0B4CB6CE2B6E18A694 /* Pods.framework in Frameworks */,
			);
			runOnlyForDeploymentPostprocessing = 0;
		};
/* End PBXFrameworksBuildPhase section */

/* Begin PBXGroup section */
		4E36076C1B5F23FD00C67F1D /* Service */ = {
			isa = PBXGroup;
			children = (
				4E36076D1B5F241B00C67F1D /* ServiceManager.swift */,
			);
			name = Service;
			sourceTree = "<group>";
		};
		4E40EBB11B67C2E200CC683A /* OrderHistory */ = {
			isa = PBXGroup;
			children = (
				4E40EBB21B67C2EF00CC683A /* OrderHistory.storyboard */,
				4E40EBB41B67C55300CC683A /* OrderHistoryViewController.swift */,
				4E40EBB61B67C7E400CC683A /* OrderHistoryTableCell.swift */,
			);
			name = OrderHistory;
			sourceTree = "<group>";
		};
		4E5234D81B5F128600C40477 /* Frameworks */ = {
			isa = PBXGroup;
			children = (
				4E3607711B5F44AA00C67F1D /* AFNetworking.framework */,
				4E8350921B00D39E00C824C3 /* MessageUI.framework */,
				6C0B3AF83C1B6BE6624FCEAB /* Pods.framework */,
			);
			name = Frameworks;
			sourceTree = "<group>";
		};
		4E53E8001B431CFA00075AE2 /* Customer */ = {
			isa = PBXGroup;
			children = (
				4E36076F1B5F32B900C67F1D /* Customer.swift */,
				4E53E8011B431F0B00075AE2 /* CustomerSearchViewController.swift */,
				4E53E8031B43216100075AE2 /* CustomerSearchResultTableViewCell.swift */,
				4E53E8051B4325BD00075AE2 /* CustomerMeasurementChooserModalViewController.swift */,
				4E53E8071B43260E00075AE2 /* CustomerMeasurementModalTableViewCell.swift */,
				4E53E8091B432B5400075AE2 /* Customer.storyboard */,
			);
			name = Customer;
			sourceTree = "<group>";
		};
		4E83504E1AFAB18D00C824C3 = {
			isa = PBXGroup;
			children = (
				4E8350591AFAB18D00C824C3 /* HKTicketsSwift */,
				4E8350721AFAB18D00C824C3 /* HKTicketsSwiftTests */,
				4E8350581AFAB18D00C824C3 /* Products */,
				4E5234D81B5F128600C40477 /* Frameworks */,
				95487D0E1A365604520EAB5F /* Pods */,
			);
			sourceTree = "<group>";
		};
		4E8350581AFAB18D00C824C3 /* Products */ = {
			isa = PBXGroup;
			children = (
				4E8350571AFAB18D00C824C3 /* HKTickets.app */,
			);
			name = Products;
			sourceTree = "<group>";
		};
		4E8350591AFAB18D00C824C3 /* HKTicketsSwift */ = {
			isa = PBXGroup;
			children = (
				4E40EBB11B67C2E200CC683A /* OrderHistory */,
				4EC614831B65537B007EBC6E /* Measurements */,
				4E36076C1B5F23FD00C67F1D /* Service */,
				4E53E8001B431CFA00075AE2 /* Customer */,
				4E83508D1B0023CC00C824C3 /* Common */,
				4E8350811AFAB8F800C824C3 /* Orders */,
				4E83505C1AFAB18D00C824C3 /* AppDelegate.swift */,
				4E83507F1AFAB7D600C824C3 /* HomeViewController.swift */,
				4E8350631AFAB18D00C824C3 /* Main.storyboard */,
				4E8350661AFAB18D00C824C3 /* Images.xcassets */,
				4E8350681AFAB18D00C824C3 /* LaunchScreen.xib */,
				4E83505E1AFAB18D00C824C3 /* HKTicketsSwift.xcdatamodeld */,
				4E83505A1AFAB18D00C824C3 /* Supporting Files */,
			);
			path = HKTicketsSwift;
			sourceTree = "<group>";
		};
		4E83505A1AFAB18D00C824C3 /* Supporting Files */ = {
			isa = PBXGroup;
			children = (
				4E21ED461B38F45F00856148 /* CODE Bold.otf */,
				4E21ED471B38F45F00856148 /* CODE Light.otf */,
				4E21ED481B38F45F00856148 /* MyriadPro-Bold.otf */,
				4E21ED491B38F45F00856148 /* MyriadPro-Regular.otf */,
				4E21ED4A1B38F45F00856148 /* MyriadPro-Semibold.otf */,
				4E83505B1AFAB18D00C824C3 /* Info.plist */,
			);
			name = "Supporting Files";
			sourceTree = "<group>";
		};
		4E8350721AFAB18D00C824C3 /* HKTicketsSwiftTests */ = {
			isa = PBXGroup;
			children = (
				4E8350751AFAB18D00C824C3 /* HKTicketsSwiftTests.swift */,
				4E8350731AFAB18D00C824C3 /* Supporting Files */,
			);
			path = HKTicketsSwiftTests;
			sourceTree = "<group>";
		};
		4E8350731AFAB18D00C824C3 /* Supporting Files */ = {
			isa = PBXGroup;
			children = (
				4E8350741AFAB18D00C824C3 /* Info.plist */,
			);
			name = "Supporting Files";
			sourceTree = "<group>";
		};
		4E8350811AFAB8F800C824C3 /* Orders */ = {
			isa = PBXGroup;
			children = (
				4E8350841AFAB94100C824C3 /* HKTOrder.storyboard */,
				4E8350861AFABC8800C824C3 /* HKTFabricChooserViewController.swift */,
				4E8350891AFC12DD00C824C3 /* AddFabricTableViewCell.swift */,
				4E8350941B00D60600C824C3 /* OrderItemInterface.swift */,
				4E1BE0901B0634EA0092E035 /* MeasurementsInterface.swift */,
				4E8350961B00D7C500C824C3 /* OrderFormDelegate.swift */,
				4E8350821AFAB91800C824C3 /* HKTOrderFormViewController.swift */,
				4E8350981B00E29A00C824C3 /* OrderFormItemCell.swift */,
				4E1BE0921B0925380092E035 /* OrderOptionCell.swift */,
				4E57028D1B4CB8C300CAFA63 /* BaseNavigationController.swift */,
				4ED9EFC81B13B39500461EB4 /* OrderItemCell.xib */,
				4ED9EFC31B124C3200461EB4 /* Pants */,
				4E8350881AFC12CA00C824C3 /* Shirts */,
				4EB02B431B27B96900287BCE /* Suit */,
				4ED9F01A1B1D30B300461EB4 /* Vest */,
				4ED9F0171B1CF5DB00461EB4 /* Jacket */,
			);
			name = Orders;
			sourceTree = "<group>";
		};
		4E8350881AFC12CA00C824C3 /* Shirts */ = {
			isa = PBXGroup;
			children = (
				4E83508B1AFC152E00C824C3 /* ShirtOrderFormViewController.swift */,
				4E8350901B00313700C824C3 /* ShirtOrderInfo.swift */,
				4E83509C1B02412300C824C3 /* ShirtFinishMeasurements.swift */,
				4E83509E1B02493300C824C3 /* ShirtMeasurementsViewController.swift */,
			);
			name = Shirts;
			sourceTree = "<group>";
		};
		4E83508D1B0023CC00C824C3 /* Common */ = {
			isa = PBXGroup;
			children = (
				4E83509A1B0240E700C824C3 /* BodyMeasurements.swift */,
				4E7F4F241B45AA6400BE4380 /* FinishMeasurements.swift */,
				4E83508E1B0023EB00C824C3 /* BaseViewController.swift */,
				4E21ED421B38DF9100856148 /* HKTColors.swift */,
				4E21ED441B38EE1500856148 /* HKTStyling.swift */,
			);
			name = Common;
			sourceTree = "<group>";
		};
		4EB02B431B27B96900287BCE /* Suit */ = {
			isa = PBXGroup;
			children = (
				4EB02B441B27B97300287BCE /* SuitOrder.storyboard */,
				4EA85F071B29176A00795742 /* SuitOrderFormViewController.swift */,
				4EDFF4FF1B27D9080039AE42 /* SuitFabricChooserViewController.swift */,
				4EB02B461B27C63800287BCE /* SuitOrderInfo.swift */,
				4EB02B481B27D14C00287BCE /* SuitFabricModalViewController.swift */,
				4EA85F091B291B2C00795742 /* SuitMeasurementsViewController.swift */,
				4E7B32521B2928CF000D9A87 /* SuitFabricTableViewCell.swift */,
			);
			name = Suit;
			sourceTree = "<group>";
		};
		4EC614831B65537B007EBC6E /* Measurements */ = {
			isa = PBXGroup;
			children = (
				4EC614841B6553A1007EBC6E /* Measurements.storyboard */,
				4EC614861B6563A6007EBC6E /* FinishMeasurementSimpleCell.swift */,
				4EC614881B6563EA007EBC6E /* CustomerMeasurementsViewController.swift */,
				4EC6148A1B65888E007EBC6E /* FinishMeasurementsViewController.swift */,
			);
			name = Measurements;
			sourceTree = "<group>";
		};
		4ED9EFC31B124C3200461EB4 /* Pants */ = {
			isa = PBXGroup;
			children = (
				4ED9EFCA1B13B87100461EB4 /* PantsOrderFormViewController.swift */,
				4ED9EFC41B124CC600461EB4 /* PantsOrderInfo.swift */,
				4ED9EFCC1B13F2A100461EB4 /* PantMeasurementViewController.swift */,
				4ED9EFCE1B13F9CC00461EB4 /* PantsFinishMeasurements.swift */,
			);
			name = Pants;
			sourceTree = "<group>";
		};
		4ED9F0171B1CF5DB00461EB4 /* Jacket */ = {
			isa = PBXGroup;
			children = (
				4ED9F0181B1CF60D00461EB4 /* JacketOrderFormViewController.swift */,
				4ED9F0231B1F8B6C00461EB4 /* JacketFinishMeasurements.swift */,
				4ED9F0251B1F8CCD00461EB4 /* JacketOrderInfo.swift */,
				4ED9F0271B20983000461EB4 /* JacketMeasurementsViewController.swift */,
			);
			name = Jacket;
			sourceTree = "<group>";
		};
		4ED9F01A1B1D30B300461EB4 /* Vest */ = {
			isa = PBXGroup;
			children = (
				4ED9F01B1B1D30C200461EB4 /* VestOrderFormViewController.swift */,
				4ED9F01D1B1D320400461EB4 /* VestOrderInfo.swift */,
				4ED9F01F1B1D33CB00461EB4 /* VestFinishMeasurements.swift */,
				4ED9F0211B1D430800461EB4 /* VestMeasurementViewController.swift */,
			);
			name = Vest;
			sourceTree = "<group>";
		};
		95487D0E1A365604520EAB5F /* Pods */ = {
			isa = PBXGroup;
			children = (
				2FBF336FC5DCB3B5F3A71D14 /* Pods.debug.xcconfig */,
				35CF3B5FD7D1FEBB72037183 /* Pods.staging.xcconfig */,
				07984DCA714D3C6CA0DC0922 /* Pods.release.xcconfig */,
			);
			name = Pods;
			sourceTree = "<group>";
		};
/* End PBXGroup section */

/* Begin PBXNativeTarget section */
		4E8350561AFAB18D00C824C3 /* HKTickets */ = {
			isa = PBXNativeTarget;
			buildConfigurationList = 4E8350791AFAB18D00C824C3 /* Build configuration list for PBXNativeTarget "HKTickets" */;
			buildPhases = (
				4E8350531AFAB18D00C824C3 /* Sources */,
				4E8350541AFAB18D00C824C3 /* Frameworks */,
				4E8350551AFAB18D00C824C3 /* Resources */,
				4E3607731B5F461600C67F1D /* CopyFiles */,
			);
			buildRules = (
			);
			dependencies = (
			);
			name = HKTickets;
			productName = HKTicketsSwift;
			productReference = 4E8350571AFAB18D00C824C3 /* HKTickets.app */;
			productType = "com.apple.product-type.application";
		};
/* End PBXNativeTarget section */

/* Begin PBXProject section */
		4E83504F1AFAB18D00C824C3 /* Project object */ = {
			isa = PBXProject;
			attributes = {
				LastSwiftUpdateCheck = 0700;
				LastUpgradeCheck = 0700;
				ORGANIZATIONNAME = JPApps;
				TargetAttributes = {
					4E8350561AFAB18D00C824C3 = {
						CreatedOnToolsVersion = 6.3.1;
						DevelopmentTeam = 6NXWRT5NFB;
					};
				};
			};
			buildConfigurationList = 4E8350521AFAB18D00C824C3 /* Build configuration list for PBXProject "HKTicketsSwift" */;
			compatibilityVersion = "Xcode 3.2";
			developmentRegion = English;
			hasScannedForEncodings = 0;
			knownRegions = (
				en,
				Base,
			);
			mainGroup = 4E83504E1AFAB18D00C824C3;
			productRefGroup = 4E8350581AFAB18D00C824C3 /* Products */;
			projectDirPath = "";
			projectRoot = "";
			targets = (
				4E8350561AFAB18D00C824C3 /* HKTickets */,
			);
		};
/* End PBXProject section */

/* Begin PBXResourcesBuildPhase section */
		4E8350551AFAB18D00C824C3 /* Resources */ = {
			isa = PBXResourcesBuildPhase;
			buildActionMask = 2147483647;
			files = (
				4E53E80A1B432B5400075AE2 /* Customer.storyboard in Resources */,
				4E21ED4C1B38F45F00856148 /* CODE Light.otf in Resources */,
				4ED9EFC91B13B39500461EB4 /* OrderItemCell.xib in Resources */,
				4EC614851B6553A1007EBC6E /* Measurements.storyboard in Resources */,
				4E21ED4B1B38F45F00856148 /* CODE Bold.otf in Resources */,
				4E40EBB31B67C2EF00CC683A /* OrderHistory.storyboard in Resources */,
				4E8350651AFAB18D00C824C3 /* Main.storyboard in Resources */,
				4E8350851AFAB94100C824C3 /* HKTOrder.storyboard in Resources */,
				4E21ED4F1B38F45F00856148 /* MyriadPro-Semibold.otf in Resources */,
				4E21ED4D1B38F45F00856148 /* MyriadPro-Bold.otf in Resources */,
				4E21ED4E1B38F45F00856148 /* MyriadPro-Regular.otf in Resources */,
				4E83506A1AFAB18D00C824C3 /* LaunchScreen.xib in Resources */,
				4EB02B451B27B97300287BCE /* SuitOrder.storyboard in Resources */,
				4E8350671AFAB18D00C824C3 /* Images.xcassets in Resources */,
			);
			runOnlyForDeploymentPostprocessing = 0;
		};
/* End PBXResourcesBuildPhase section */

/* Begin PBXSourcesBuildPhase section */
		4E8350531AFAB18D00C824C3 /* Sources */ = {
			isa = PBXSourcesBuildPhase;
			buildActionMask = 2147483647;
			files = (
				4ED9F01E1B1D320400461EB4 /* VestOrderInfo.swift in Sources */,
				4E7F4F251B45AA6400BE4380 /* FinishMeasurements.swift in Sources */,
				4E40EBB51B67C55300CC683A /* OrderHistoryViewController.swift in Sources */,
				4E1BE0911B0634EA0092E035 /* MeasurementsInterface.swift in Sources */,
				4ED9F0281B20983000461EB4 /* JacketMeasurementsViewController.swift in Sources */,
				4E7B32531B2928CF000D9A87 /* SuitFabricTableViewCell.swift in Sources */,
				4ED9F0261B1F8CCD00461EB4 /* JacketOrderInfo.swift in Sources */,
				4E3607701B5F32B900C67F1D /* Customer.swift in Sources */,
				4ED9F0191B1CF60D00461EB4 /* JacketOrderFormViewController.swift in Sources */,
				4E83509D1B02412300C824C3 /* ShirtFinishMeasurements.swift in Sources */,
				4E1BE0931B0925380092E035 /* OrderOptionCell.swift in Sources */,
				4E8350971B00D7C500C824C3 /* OrderFormDelegate.swift in Sources */,
				4E83508A1AFC12DD00C824C3 /* AddFabricTableViewCell.swift in Sources */,
				4E36076E1B5F241B00C67F1D /* ServiceManager.swift in Sources */,
				4ED9EFCF1B13F9CC00461EB4 /* PantsFinishMeasurements.swift in Sources */,
				4E8350911B00313700C824C3 /* ShirtOrderInfo.swift in Sources */,
				4ED9EFCB1B13B87100461EB4 /* PantsOrderFormViewController.swift in Sources */,
				4E57028E1B4CB8C300CAFA63 /* BaseNavigationController.swift in Sources */,
				4E8350601AFAB18D00C824C3 /* HKTicketsSwift.xcdatamodeld in Sources */,
				4E83508C1AFC152E00C824C3 /* ShirtOrderFormViewController.swift in Sources */,
				4EA85F0A1B291B2C00795742 /* SuitMeasurementsViewController.swift in Sources */,
				4E8350991B00E29A00C824C3 /* OrderFormItemCell.swift in Sources */,
				4ED9EFC51B124CC600461EB4 /* PantsOrderInfo.swift in Sources */,
				4E53E8021B431F0B00075AE2 /* CustomerSearchViewController.swift in Sources */,
				4ED9F0201B1D33CB00461EB4 /* VestFinishMeasurements.swift in Sources */,
				4E8350871AFABC8800C824C3 /* HKTFabricChooserViewController.swift in Sources */,
				4EA85F081B29176A00795742 /* SuitOrderFormViewController.swift in Sources */,
				4EC6148B1B65888E007EBC6E /* FinishMeasurementsViewController.swift in Sources */,
				4E53E8041B43216100075AE2 /* CustomerSearchResultTableViewCell.swift in Sources */,
				4E83509F1B02493300C824C3 /* ShirtMeasurementsViewController.swift in Sources */,
				4ED9F0241B1F8B6C00461EB4 /* JacketFinishMeasurements.swift in Sources */,
				4E8350951B00D60600C824C3 /* OrderItemInterface.swift in Sources */,
				4ED9EFCD1B13F2A100461EB4 /* PantMeasurementViewController.swift in Sources */,
				4EC614871B6563A6007EBC6E /* FinishMeasurementSimpleCell.swift in Sources */,
				4E83505D1AFAB18D00C824C3 /* AppDelegate.swift in Sources */,
				4E53E8081B43260E00075AE2 /* CustomerMeasurementModalTableViewCell.swift in Sources */,
				4E83508F1B0023EB00C824C3 /* BaseViewController.swift in Sources */,
				4E21ED431B38DF9100856148 /* HKTColors.swift in Sources */,
				4E8350831AFAB91800C824C3 /* HKTOrderFormViewController.swift in Sources */,
				4E83509B1B0240E700C824C3 /* BodyMeasurements.swift in Sources */,
				4EC614891B6563EA007EBC6E /* CustomerMeasurementsViewController.swift in Sources */,
				4ED9F0221B1D430800461EB4 /* VestMeasurementViewController.swift in Sources */,
				4ED9F01C1B1D30C200461EB4 /* VestOrderFormViewController.swift in Sources */,
				4E8350801AFAB7D600C824C3 /* HomeViewController.swift in Sources */,
				4EB02B471B27C63800287BCE /* SuitOrderInfo.swift in Sources */,
				4EDFF5001B27D9080039AE42 /* SuitFabricChooserViewController.swift in Sources */,
				4E40EBB71B67C7E400CC683A /* OrderHistoryTableCell.swift in Sources */,
				4E53E8061B4325BD00075AE2 /* CustomerMeasurementChooserModalViewController.swift in Sources */,
				4EB02B491B27D14C00287BCE /* SuitFabricModalViewController.swift in Sources */,
				4E21ED451B38EE1500856148 /* HKTStyling.swift in Sources */,
			);
			runOnlyForDeploymentPostprocessing = 0;
		};
/* End PBXSourcesBuildPhase section */

/* Begin PBXVariantGroup section */
		4E8350631AFAB18D00C824C3 /* Main.storyboard */ = {
			isa = PBXVariantGroup;
			children = (
				4E8350641AFAB18D00C824C3 /* Base */,
			);
			name = Main.storyboard;
			sourceTree = "<group>";
		};
		4E8350681AFAB18D00C824C3 /* LaunchScreen.xib */ = {
			isa = PBXVariantGroup;
			children = (
				4E8350691AFAB18D00C824C3 /* Base */,
			);
			name = LaunchScreen.xib;
			sourceTree = "<group>";
		};
/* End PBXVariantGroup section */

/* Begin XCBuildConfiguration section */
		4E8350771AFAB18D00C824C3 /* Debug */ = {
			isa = XCBuildConfiguration;
			buildSettings = {
				ALWAYS_SEARCH_USER_PATHS = NO;
				CLANG_CXX_LANGUAGE_STANDARD = "gnu++0x";
				CLANG_CXX_LIBRARY = "libc++";
				CLANG_ENABLE_MODULES = YES;
				CLANG_ENABLE_OBJC_ARC = YES;
				CLANG_WARN_BOOL_CONVERSION = YES;
				CLANG_WARN_CONSTANT_CONVERSION = YES;
				CLANG_WARN_DIRECT_OBJC_ISA_USAGE = YES_ERROR;
				CLANG_WARN_EMPTY_BODY = YES;
				CLANG_WARN_ENUM_CONVERSION = YES;
				CLANG_WARN_INT_CONVERSION = YES;
				CLANG_WARN_OBJC_ROOT_CLASS = YES_ERROR;
				CLANG_WARN_UNREACHABLE_CODE = YES;
				CLANG_WARN__DUPLICATE_METHOD_MATCH = YES;
				"CODE_SIGN_IDENTITY[sdk=iphoneos*]" = "iPhone Developer";
				COPY_PHASE_STRIP = NO;
				DEBUG_INFORMATION_FORMAT = "dwarf-with-dsym";
				ENABLE_STRICT_OBJC_MSGSEND = YES;
				ENABLE_TESTABILITY = YES;
				GCC_C_LANGUAGE_STANDARD = gnu99;
				GCC_DYNAMIC_NO_PIC = NO;
				GCC_NO_COMMON_BLOCKS = YES;
				GCC_OPTIMIZATION_LEVEL = 0;
				GCC_PREPROCESSOR_DEFINITIONS = (
					"DEBUG=1",
					"$(inherited)",
				);
				GCC_SYMBOLS_PRIVATE_EXTERN = NO;
				GCC_WARN_64_TO_32_BIT_CONVERSION = YES;
				GCC_WARN_ABOUT_RETURN_TYPE = YES_ERROR;
				GCC_WARN_UNDECLARED_SELECTOR = YES;
				GCC_WARN_UNINITIALIZED_AUTOS = YES_AGGRESSIVE;
				GCC_WARN_UNUSED_FUNCTION = YES;
				GCC_WARN_UNUSED_VARIABLE = YES;
				IPHONEOS_DEPLOYMENT_TARGET = 8.0;
				MTL_ENABLE_DEBUG_INFO = YES;
				ONLY_ACTIVE_ARCH = YES;
				SDKROOT = iphoneos;
				SWIFT_OPTIMIZATION_LEVEL = "-Onone";
				TARGETED_DEVICE_FAMILY = "1,2";
			};
			name = Debug;
		};
		4E8350781AFAB18D00C824C3 /* Release */ = {
			isa = XCBuildConfiguration;
			buildSettings = {
				ALWAYS_SEARCH_USER_PATHS = NO;
				CLANG_CXX_LANGUAGE_STANDARD = "gnu++0x";
				CLANG_CXX_LIBRARY = "libc++";
				CLANG_ENABLE_MODULES = YES;
				CLANG_ENABLE_OBJC_ARC = YES;
				CLANG_WARN_BOOL_CONVERSION = YES;
				CLANG_WARN_CONSTANT_CONVERSION = YES;
				CLANG_WARN_DIRECT_OBJC_ISA_USAGE = YES_ERROR;
				CLANG_WARN_EMPTY_BODY = YES;
				CLANG_WARN_ENUM_CONVERSION = YES;
				CLANG_WARN_INT_CONVERSION = YES;
				CLANG_WARN_OBJC_ROOT_CLASS = YES_ERROR;
				CLANG_WARN_UNREACHABLE_CODE = YES;
				CLANG_WARN__DUPLICATE_METHOD_MATCH = YES;
				"CODE_SIGN_IDENTITY[sdk=iphoneos*]" = "iPhone Developer";
				COPY_PHASE_STRIP = NO;
				DEBUG_INFORMATION_FORMAT = "dwarf-with-dsym";
				ENABLE_NS_ASSERTIONS = NO;
				ENABLE_STRICT_OBJC_MSGSEND = YES;
				GCC_C_LANGUAGE_STANDARD = gnu99;
				GCC_NO_COMMON_BLOCKS = YES;
				GCC_WARN_64_TO_32_BIT_CONVERSION = YES;
				GCC_WARN_ABOUT_RETURN_TYPE = YES_ERROR;
				GCC_WARN_UNDECLARED_SELECTOR = YES;
				GCC_WARN_UNINITIALIZED_AUTOS = YES_AGGRESSIVE;
				GCC_WARN_UNUSED_FUNCTION = YES;
				GCC_WARN_UNUSED_VARIABLE = YES;
				IPHONEOS_DEPLOYMENT_TARGET = 8.0;
				MTL_ENABLE_DEBUG_INFO = NO;
				SDKROOT = iphoneos;
				TARGETED_DEVICE_FAMILY = "1,2";
				VALIDATE_PRODUCT = YES;
			};
			name = Release;
		};
		4E83507A1AFAB18D00C824C3 /* Debug */ = {
			isa = XCBuildConfiguration;
			baseConfigurationReference = 2FBF336FC5DCB3B5F3A71D14 /* Pods.debug.xcconfig */;
			buildSettings = {
				ASSETCATALOG_COMPILER_APPICON_NAME = AppIcon;
				CODE_SIGN_IDENTITY = "iPhone Developer";
				"CODE_SIGN_IDENTITY[sdk=iphoneos*]" = "iPhone Developer";
				GCC_LINK_WITH_DYNAMIC_LIBRARIES = YES;
				INFOPLIST_FILE = HKTicketsSwift/Info.plist;
				IPHONEOS_DEPLOYMENT_TARGET = 8.0;
				LD_RUNPATH_SEARCH_PATHS = "$(inherited) @executable_path/Frameworks";
				PRODUCT_BUNDLE_IDENTIFIER = com.bf.HKTickets;
				PRODUCT_NAME = "$(TARGET_NAME)";
				PROVISIONING_PROFILE = "";
				TARGETED_DEVICE_FAMILY = 2;
			};
			name = Debug;
		};
		4E83507B1AFAB18D00C824C3 /* Release */ = {
			isa = XCBuildConfiguration;
			baseConfigurationReference = 07984DCA714D3C6CA0DC0922 /* Pods.release.xcconfig */;
			buildSettings = {
				ASSETCATALOG_COMPILER_APPICON_NAME = AppIcon;
				CODE_SIGN_IDENTITY = "iPhone Developer";
				"CODE_SIGN_IDENTITY[sdk=iphoneos*]" = "iPhone Developer";
				GCC_LINK_WITH_DYNAMIC_LIBRARIES = YES;
				INFOPLIST_FILE = HKTicketsSwift/Info.plist;
				IPHONEOS_DEPLOYMENT_TARGET = 8.0;
				LD_RUNPATH_SEARCH_PATHS = "$(inherited) @executable_path/Frameworks";
				PRODUCT_BUNDLE_IDENTIFIER = com.bf.HKTickets;
				PRODUCT_NAME = "$(TARGET_NAME)";
				PROVISIONING_PROFILE = "";
				TARGETED_DEVICE_FAMILY = 2;
			};
			name = Release;
		};
		4ED9F0291B25E92F00461EB4 /* Staging */ = {
			isa = XCBuildConfiguration;
			buildSettings = {
				ALWAYS_SEARCH_USER_PATHS = NO;
				CLANG_CXX_LANGUAGE_STANDARD = "gnu++0x";
				CLANG_CXX_LIBRARY = "libc++";
				CLANG_ENABLE_MODULES = YES;
				CLANG_ENABLE_OBJC_ARC = YES;
				CLANG_WARN_BOOL_CONVERSION = YES;
				CLANG_WARN_CONSTANT_CONVERSION = YES;
				CLANG_WARN_DIRECT_OBJC_ISA_USAGE = YES_ERROR;
				CLANG_WARN_EMPTY_BODY = YES;
				CLANG_WARN_ENUM_CONVERSION = YES;
				CLANG_WARN_INT_CONVERSION = YES;
				CLANG_WARN_OBJC_ROOT_CLASS = YES_ERROR;
				CLANG_WARN_UNREACHABLE_CODE = YES;
				CLANG_WARN__DUPLICATE_METHOD_MATCH = YES;
				"CODE_SIGN_IDENTITY[sdk=iphoneos*]" = "iPhone Developer";
				COPY_PHASE_STRIP = NO;
				DEBUG_INFORMATION_FORMAT = "dwarf-with-dsym";
				ENABLE_STRICT_OBJC_MSGSEND = YES;
				GCC_C_LANGUAGE_STANDARD = gnu99;
				GCC_DYNAMIC_NO_PIC = NO;
				GCC_NO_COMMON_BLOCKS = YES;
				GCC_OPTIMIZATION_LEVEL = 0;
				GCC_PREPROCESSOR_DEFINITIONS = (
					"DEBUG=1",
					"$(inherited)",
				);
				GCC_SYMBOLS_PRIVATE_EXTERN = NO;
				GCC_WARN_64_TO_32_BIT_CONVERSION = YES;
				GCC_WARN_ABOUT_RETURN_TYPE = YES_ERROR;
				GCC_WARN_UNDECLARED_SELECTOR = YES;
				GCC_WARN_UNINITIALIZED_AUTOS = YES_AGGRESSIVE;
				GCC_WARN_UNUSED_FUNCTION = YES;
				GCC_WARN_UNUSED_VARIABLE = YES;
				IPHONEOS_DEPLOYMENT_TARGET = 8.0;
				MTL_ENABLE_DEBUG_INFO = YES;
				ONLY_ACTIVE_ARCH = YES;
				SDKROOT = iphoneos;
				SWIFT_OPTIMIZATION_LEVEL = "-Onone";
				TARGETED_DEVICE_FAMILY = "1,2";
			};
			name = Staging;
		};
		4ED9F02A1B25E92F00461EB4 /* Staging */ = {
			isa = XCBuildConfiguration;
			baseConfigurationReference = 35CF3B5FD7D1FEBB72037183 /* Pods.staging.xcconfig */;
			buildSettings = {
				ASSETCATALOG_COMPILER_APPICON_NAME = AppIcon;
				CODE_SIGN_IDENTITY = "iPhone Developer";
				"CODE_SIGN_IDENTITY[sdk=iphoneos*]" = "iPhone Developer";
				GCC_LINK_WITH_DYNAMIC_LIBRARIES = YES;
				GCC_PREPROCESSOR_DEFINITIONS = "STAGING=1";
				INFOPLIST_FILE = HKTicketsSwift/Info.plist;
				IPHONEOS_DEPLOYMENT_TARGET = 8.0;
				LD_RUNPATH_SEARCH_PATHS = "$(inherited) @executable_path/Frameworks";
				PRODUCT_BUNDLE_IDENTIFIER = com.bf.HKTickets;
				PRODUCT_NAME = "$(TARGET_NAME)";
				PROVISIONING_PROFILE = "";
				TARGETED_DEVICE_FAMILY = 2;
			};
			name = Staging;
		};
/* End XCBuildConfiguration section */

/* Begin XCConfigurationList section */
		4E8350521AFAB18D00C824C3 /* Build configuration list for PBXProject "HKTicketsSwift" */ = {
			isa = XCConfigurationList;
			buildConfigurations = (
				4E8350771AFAB18D00C824C3 /* Debug */,
				4ED9F0291B25E92F00461EB4 /* Staging */,
				4E8350781AFAB18D00C824C3 /* Release */,
			);
			defaultConfigurationIsVisible = 0;
			defaultConfigurationName = Release;
		};
		4E8350791AFAB18D00C824C3 /* Build configuration list for PBXNativeTarget "HKTickets" */ = {
			isa = XCConfigurationList;
			buildConfigurations = (
				4E83507A1AFAB18D00C824C3 /* Debug */,
				4ED9F02A1B25E92F00461EB4 /* Staging */,
				4E83507B1AFAB18D00C824C3 /* Release */,
			);
			defaultConfigurationIsVisible = 0;
			defaultConfigurationName = Release;
		};
/* End XCConfigurationList section */

/* Begin XCVersionGroup section */
		4E83505E1AFAB18D00C824C3 /* HKTicketsSwift.xcdatamodeld */ = {
			isa = XCVersionGroup;
			children = (
				4E83505F1AFAB18D00C824C3 /* HKTicketsSwift.xcdatamodel */,
			);
			currentVersion = 4E83505F1AFAB18D00C824C3 /* HKTicketsSwift.xcdatamodel */;
			path = HKTicketsSwift.xcdatamodeld;
			sourceTree = "<group>";
			versionGroupType = wrapper.xcdatamodel;
		};
/* End XCVersionGroup section */
	};
	rootObject = 4E83504F1AFAB18D00C824C3 /* Project object */;
}
